// !$*UTF8*$!
{
	archiveVersion = 1;
	classes = {
	};
	objectVersion = 46;
	objects = {

/* Begin PBXBuildFile section */
		3ABF19FA219FE472005C0AA7 /* common.h in Headers */ = {isa = PBXBuildFile; fileRef = 3ABF19CC219FE471005C0AA7 /* common.h */; };
		3ABF19FB219FE472005C0AA7 /* common.h in Headers */ = {isa = PBXBuildFile; fileRef = 3ABF19CC219FE471005C0AA7 /* common.h */; };
		3ABF19FC219FE472005C0AA7 /* common.h in Headers */ = {isa = PBXBuildFile; fileRef = 3ABF19CC219FE471005C0AA7 /* common.h */; };
		3ABF19FD219FE472005C0AA7 /* common.h in Headers */ = {isa = PBXBuildFile; fileRef = 3ABF19CC219FE471005C0AA7 /* common.h */; };
		3ABF19FE219FE472005C0AA7 /* common.h in Headers */ = {isa = PBXBuildFile; fileRef = 3ABF19CC219FE471005C0AA7 /* common.h */; };
		3ABF19FF219FE472005C0AA7 /* dynamic_array.h in Headers */ = {isa = PBXBuildFile; fileRef = 3ABF19CD219FE471005C0AA7 /* dynamic_array.h */; };
		3ABF1A00219FE472005C0AA7 /* dynamic_array.h in Headers */ = {isa = PBXBuildFile; fileRef = 3ABF19CD219FE471005C0AA7 /* dynamic_array.h */; };
		3ABF1A01219FE472005C0AA7 /* dynamic_array.h in Headers */ = {isa = PBXBuildFile; fileRef = 3ABF19CD219FE471005C0AA7 /* dynamic_array.h */; };
		3ABF1A02219FE472005C0AA7 /* dynamic_array.h in Headers */ = {isa = PBXBuildFile; fileRef = 3ABF19CD219FE471005C0AA7 /* dynamic_array.h */; };
		3ABF1A03219FE472005C0AA7 /* dynamic_array.h in Headers */ = {isa = PBXBuildFile; fileRef = 3ABF19CD219FE471005C0AA7 /* dynamic_array.h */; };
		3ABF1A04219FE472005C0AA7 /* fast_queue.h in Headers */ = {isa = PBXBuildFile; fileRef = 3ABF19CE219FE471005C0AA7 /* fast_queue.h */; };
		3ABF1A05219FE472005C0AA7 /* fast_queue.h in Headers */ = {isa = PBXBuildFile; fileRef = 3ABF19CE219FE471005C0AA7 /* fast_queue.h */; };
		3ABF1A06219FE472005C0AA7 /* fast_queue.h in Headers */ = {isa = PBXBuildFile; fileRef = 3ABF19CE219FE471005C0AA7 /* fast_queue.h */; };
		3ABF1A07219FE472005C0AA7 /* fast_queue.h in Headers */ = {isa = PBXBuildFile; fileRef = 3ABF19CE219FE471005C0AA7 /* fast_queue.h */; };
		3ABF1A08219FE472005C0AA7 /* fast_queue.h in Headers */ = {isa = PBXBuildFile; fileRef = 3ABF19CE219FE471005C0AA7 /* fast_queue.h */; };
		3ABF1A09219FE472005C0AA7 /* geom.cpp in Sources */ = {isa = PBXBuildFile; fileRef = 3ABF19CF219FE471005C0AA7 /* geom.cpp */; };
		3ABF1A0A219FE472005C0AA7 /* geom.cpp in Sources */ = {isa = PBXBuildFile; fileRef = 3ABF19CF219FE471005C0AA7 /* geom.cpp */; };
		3ABF1A0B219FE472005C0AA7 /* geom.cpp in Sources */ = {isa = PBXBuildFile; fileRef = 3ABF19CF219FE471005C0AA7 /* geom.cpp */; };
		3ABF1A0C219FE472005C0AA7 /* geom.cpp in Sources */ = {isa = PBXBuildFile; fileRef = 3ABF19CF219FE471005C0AA7 /* geom.cpp */; };
		3ABF1A0D219FE472005C0AA7 /* geom.cpp in Sources */ = {isa = PBXBuildFile; fileRef = 3ABF19CF219FE471005C0AA7 /* geom.cpp */; };
		3ABF1A0E219FE472005C0AA7 /* geom.h in Headers */ = {isa = PBXBuildFile; fileRef = 3ABF19D0219FE471005C0AA7 /* geom.h */; };
		3ABF1A0F219FE472005C0AA7 /* geom.h in Headers */ = {isa = PBXBuildFile; fileRef = 3ABF19D0219FE471005C0AA7 /* geom.h */; };
		3ABF1A10219FE472005C0AA7 /* geom.h in Headers */ = {isa = PBXBuildFile; fileRef = 3ABF19D0219FE471005C0AA7 /* geom.h */; };
		3ABF1A11219FE472005C0AA7 /* geom.h in Headers */ = {isa = PBXBuildFile; fileRef = 3ABF19D0219FE471005C0AA7 /* geom.h */; };
		3ABF1A12219FE472005C0AA7 /* geom.h in Headers */ = {isa = PBXBuildFile; fileRef = 3ABF19D0219FE471005C0AA7 /* geom.h */; };
		3ABF1A13219FE472005C0AA7 /* geom_bounding_box.cpp in Sources */ = {isa = PBXBuildFile; fileRef = 3ABF19D1219FE471005C0AA7 /* geom_bounding_box.cpp */; };
		3ABF1A14219FE472005C0AA7 /* geom_bounding_box.cpp in Sources */ = {isa = PBXBuildFile; fileRef = 3ABF19D1219FE471005C0AA7 /* geom_bounding_box.cpp */; };
		3ABF1A15219FE472005C0AA7 /* geom_bounding_box.cpp in Sources */ = {isa = PBXBuildFile; fileRef = 3ABF19D1219FE471005C0AA7 /* geom_bounding_box.cpp */; };
		3ABF1A16219FE472005C0AA7 /* geom_bounding_box.cpp in Sources */ = {isa = PBXBuildFile; fileRef = 3ABF19D1219FE471005C0AA7 /* geom_bounding_box.cpp */; };
		3ABF1A17219FE472005C0AA7 /* geom_bounding_box.cpp in Sources */ = {isa = PBXBuildFile; fileRef = 3ABF19D1219FE471005C0AA7 /* geom_bounding_box.cpp */; };
		3ABF1A18219FE472005C0AA7 /* geom_bounding_box.h in Headers */ = {isa = PBXBuildFile; fileRef = 3ABF19D2219FE471005C0AA7 /* geom_bounding_box.h */; };
		3ABF1A19219FE472005C0AA7 /* geom_bounding_box.h in Headers */ = {isa = PBXBuildFile; fileRef = 3ABF19D2219FE471005C0AA7 /* geom_bounding_box.h */; };
		3ABF1A1A219FE472005C0AA7 /* geom_bounding_box.h in Headers */ = {isa = PBXBuildFile; fileRef = 3ABF19D2219FE471005C0AA7 /* geom_bounding_box.h */; };
		3ABF1A1B219FE472005C0AA7 /* geom_bounding_box.h in Headers */ = {isa = PBXBuildFile; fileRef = 3ABF19D2219FE471005C0AA7 /* geom_bounding_box.h */; };
		3ABF1A1C219FE472005C0AA7 /* geom_bounding_box.h in Headers */ = {isa = PBXBuildFile; fileRef = 3ABF19D2219FE471005C0AA7 /* geom_bounding_box.h */; };
		3ABF1A1D219FE472005C0AA7 /* geom_box_space.h in Headers */ = {isa = PBXBuildFile; fileRef = 3ABF19D3219FE471005C0AA7 /* geom_box_space.h */; };
		3ABF1A1E219FE472005C0AA7 /* geom_box_space.h in Headers */ = {isa = PBXBuildFile; fileRef = 3ABF19D3219FE471005C0AA7 /* geom_box_space.h */; };
		3ABF1A1F219FE472005C0AA7 /* geom_box_space.h in Headers */ = {isa = PBXBuildFile; fileRef = 3ABF19D3219FE471005C0AA7 /* geom_box_space.h */; };
		3ABF1A20219FE472005C0AA7 /* geom_box_space.h in Headers */ = {isa = PBXBuildFile; fileRef = 3ABF19D3219FE471005C0AA7 /* geom_box_space.h */; };
		3ABF1A21219FE472005C0AA7 /* geom_box_space.h in Headers */ = {isa = PBXBuildFile; fileRef = 3ABF19D3219FE471005C0AA7 /* geom_box_space.h */; };
		3ABF1A22219FE472005C0AA7 /* geom_color.cpp in Sources */ = {isa = PBXBuildFile; fileRef = 3ABF19D4219FE471005C0AA7 /* geom_color.cpp */; };
		3ABF1A23219FE472005C0AA7 /* geom_color.cpp in Sources */ = {isa = PBXBuildFile; fileRef = 3ABF19D4219FE471005C0AA7 /* geom_color.cpp */; };
		3ABF1A24219FE472005C0AA7 /* geom_color.cpp in Sources */ = {isa = PBXBuildFile; fileRef = 3ABF19D4219FE471005C0AA7 /* geom_color.cpp */; };
		3ABF1A25219FE472005C0AA7 /* geom_color.cpp in Sources */ = {isa = PBXBuildFile; fileRef = 3ABF19D4219FE471005C0AA7 /* geom_color.cpp */; };
		3ABF1A26219FE472005C0AA7 /* geom_color.cpp in Sources */ = {isa = PBXBuildFile; fileRef = 3ABF19D4219FE471005C0AA7 /* geom_color.cpp */; };
		3ABF1A27219FE472005C0AA7 /* geom_color.h in Headers */ = {isa = PBXBuildFile; fileRef = 3ABF19D5219FE471005C0AA7 /* geom_color.h */; };
		3ABF1A28219FE472005C0AA7 /* geom_color.h in Headers */ = {isa = PBXBuildFile; fileRef = 3ABF19D5219FE471005C0AA7 /* geom_color.h */; };
		3ABF1A29219FE472005C0AA7 /* geom_color.h in Headers */ = {isa = PBXBuildFile; fileRef = 3ABF19D5219FE471005C0AA7 /* geom_color.h */; };
		3ABF1A2A219FE472005C0AA7 /* geom_color.h in Headers */ = {isa = PBXBuildFile; fileRef = 3ABF19D5219FE471005C0AA7 /* geom_color.h */; };
		3ABF1A2B219FE472005C0AA7 /* geom_color.h in Headers */ = {isa = PBXBuildFile; fileRef = 3ABF19D5219FE471005C0AA7 /* geom_color.h */; };
		3ABF1A2C219FE472005C0AA7 /* geom_quaternion.cpp in Sources */ = {isa = PBXBuildFile; fileRef = 3ABF19D6219FE471005C0AA7 /* geom_quaternion.cpp */; };
		3ABF1A2D219FE472005C0AA7 /* geom_quaternion.cpp in Sources */ = {isa = PBXBuildFile; fileRef = 3ABF19D6219FE471005C0AA7 /* geom_quaternion.cpp */; };
		3ABF1A2E219FE472005C0AA7 /* geom_quaternion.cpp in Sources */ = {isa = PBXBuildFile; fileRef = 3ABF19D6219FE471005C0AA7 /* geom_quaternion.cpp */; };
		3ABF1A2F219FE472005C0AA7 /* geom_quaternion.cpp in Sources */ = {isa = PBXBuildFile; fileRef = 3ABF19D6219FE471005C0AA7 /* geom_quaternion.cpp */; };
		3ABF1A30219FE472005C0AA7 /* geom_quaternion.cpp in Sources */ = {isa = PBXBuildFile; fileRef = 3ABF19D6219FE471005C0AA7 /* geom_quaternion.cpp */; };
		3ABF1A31219FE472005C0AA7 /* geom_quaternion.h in Headers */ = {isa = PBXBuildFile; fileRef = 3ABF19D7219FE471005C0AA7 /* geom_quaternion.h */; };
		3ABF1A32219FE472005C0AA7 /* geom_quaternion.h in Headers */ = {isa = PBXBuildFile; fileRef = 3ABF19D7219FE471005C0AA7 /* geom_quaternion.h */; };
		3ABF1A33219FE472005C0AA7 /* geom_quaternion.h in Headers */ = {isa = PBXBuildFile; fileRef = 3ABF19D7219FE471005C0AA7 /* geom_quaternion.h */; };
		3ABF1A34219FE472005C0AA7 /* geom_quaternion.h in Headers */ = {isa = PBXBuildFile; fileRef = 3ABF19D7219FE471005C0AA7 /* geom_quaternion.h */; };
		3ABF1A35219FE472005C0AA7 /* geom_quaternion.h in Headers */ = {isa = PBXBuildFile; fileRef = 3ABF19D7219FE471005C0AA7 /* geom_quaternion.h */; };
		3ABF1A36219FE472005C0AA7 /* geom_transformation.cpp in Sources */ = {isa = PBXBuildFile; fileRef = 3ABF19D8219FE471005C0AA7 /* geom_transformation.cpp */; };
		3ABF1A37219FE472005C0AA7 /* geom_transformation.cpp in Sources */ = {isa = PBXBuildFile; fileRef = 3ABF19D8219FE471005C0AA7 /* geom_transformation.cpp */; };
		3ABF1A38219FE472005C0AA7 /* geom_transformation.cpp in Sources */ = {isa = PBXBuildFile; fileRef = 3ABF19D8219FE471005C0AA7 /* geom_transformation.cpp */; };
		3ABF1A39219FE472005C0AA7 /* geom_transformation.cpp in Sources */ = {isa = PBXBuildFile; fileRef = 3ABF19D8219FE471005C0AA7 /* geom_transformation.cpp */; };
		3ABF1A3A219FE472005C0AA7 /* geom_transformation.cpp in Sources */ = {isa = PBXBuildFile; fileRef = 3ABF19D8219FE471005C0AA7 /* geom_transformation.cpp */; };
		3ABF1A3B219FE472005C0AA7 /* geom_transformation.h in Headers */ = {isa = PBXBuildFile; fileRef = 3ABF19D9219FE471005C0AA7 /* geom_transformation.h */; };
		3ABF1A3C219FE472005C0AA7 /* geom_transformation.h in Headers */ = {isa = PBXBuildFile; fileRef = 3ABF19D9219FE471005C0AA7 /* geom_transformation.h */; };
		3ABF1A3D219FE472005C0AA7 /* geom_transformation.h in Headers */ = {isa = PBXBuildFile; fileRef = 3ABF19D9219FE471005C0AA7 /* geom_transformation.h */; };
		3ABF1A3E219FE472005C0AA7 /* geom_transformation.h in Headers */ = {isa = PBXBuildFile; fileRef = 3ABF19D9219FE471005C0AA7 /* geom_transformation.h */; };
		3ABF1A3F219FE472005C0AA7 /* geom_transformation.h in Headers */ = {isa = PBXBuildFile; fileRef = 3ABF19D9219FE471005C0AA7 /* geom_transformation.h */; };
		3ABF1A40219FE472005C0AA7 /* geom_vector3d.cpp in Sources */ = {isa = PBXBuildFile; fileRef = 3ABF19DA219FE471005C0AA7 /* geom_vector3d.cpp */; };
		3ABF1A41219FE472005C0AA7 /* geom_vector3d.cpp in Sources */ = {isa = PBXBuildFile; fileRef = 3ABF19DA219FE471005C0AA7 /* geom_vector3d.cpp */; };
		3ABF1A42219FE472005C0AA7 /* geom_vector3d.cpp in Sources */ = {isa = PBXBuildFile; fileRef = 3ABF19DA219FE471005C0AA7 /* geom_vector3d.cpp */; };
		3ABF1A43219FE472005C0AA7 /* geom_vector3d.cpp in Sources */ = {isa = PBXBuildFile; fileRef = 3ABF19DA219FE471005C0AA7 /* geom_vector3d.cpp */; };
		3ABF1A44219FE472005C0AA7 /* geom_vector3d.cpp in Sources */ = {isa = PBXBuildFile; fileRef = 3ABF19DA219FE471005C0AA7 /* geom_vector3d.cpp */; };
		3ABF1A45219FE472005C0AA7 /* geom_vector3d.h in Headers */ = {isa = PBXBuildFile; fileRef = 3ABF19DB219FE471005C0AA7 /* geom_vector3d.h */; };
		3ABF1A46219FE472005C0AA7 /* geom_vector3d.h in Headers */ = {isa = PBXBuildFile; fileRef = 3ABF19DB219FE471005C0AA7 /* geom_vector3d.h */; };
		3ABF1A47219FE472005C0AA7 /* geom_vector3d.h in Headers */ = {isa = PBXBuildFile; fileRef = 3ABF19DB219FE471005C0AA7 /* geom_vector3d.h */; };
		3ABF1A48219FE472005C0AA7 /* geom_vector3d.h in Headers */ = {isa = PBXBuildFile; fileRef = 3ABF19DB219FE471005C0AA7 /* geom_vector3d.h */; };
		3ABF1A49219FE472005C0AA7 /* geom_vector3d.h in Headers */ = {isa = PBXBuildFile; fileRef = 3ABF19DB219FE471005C0AA7 /* geom_vector3d.h */; };
		3ABF1A4A219FE472005C0AA7 /* geom_vector4d.cpp in Sources */ = {isa = PBXBuildFile; fileRef = 3ABF19DC219FE471005C0AA7 /* geom_vector4d.cpp */; };
		3ABF1A4B219FE472005C0AA7 /* geom_vector4d.cpp in Sources */ = {isa = PBXBuildFile; fileRef = 3ABF19DC219FE471005C0AA7 /* geom_vector4d.cpp */; };
		3ABF1A4C219FE472005C0AA7 /* geom_vector4d.cpp in Sources */ = {isa = PBXBuildFile; fileRef = 3ABF19DC219FE471005C0AA7 /* geom_vector4d.cpp */; };
		3ABF1A4D219FE472005C0AA7 /* geom_vector4d.cpp in Sources */ = {isa = PBXBuildFile; fileRef = 3ABF19DC219FE471005C0AA7 /* geom_vector4d.cpp */; };
		3ABF1A4E219FE472005C0AA7 /* geom_vector4d.cpp in Sources */ = {isa = PBXBuildFile; fileRef = 3ABF19DC219FE471005C0AA7 /* geom_vector4d.cpp */; };
		3ABF1A4F219FE472005C0AA7 /* geom_vector4d.h in Headers */ = {isa = PBXBuildFile; fileRef = 3ABF19DD219FE471005C0AA7 /* geom_vector4d.h */; };
		3ABF1A50219FE472005C0AA7 /* geom_vector4d.h in Headers */ = {isa = PBXBuildFile; fileRef = 3ABF19DD219FE471005C0AA7 /* geom_vector4d.h */; };
		3ABF1A51219FE472005C0AA7 /* geom_vector4d.h in Headers */ = {isa = PBXBuildFile; fileRef = 3ABF19DD219FE471005C0AA7 /* geom_vector4d.h */; };
		3ABF1A52219FE472005C0AA7 /* geom_vector4d.h in Headers */ = {isa = PBXBuildFile; fileRef = 3ABF19DD219FE471005C0AA7 /* geom_vector4d.h */; };
		3ABF1A53219FE472005C0AA7 /* geom_vector4d.h in Headers */ = {isa = PBXBuildFile; fileRef = 3ABF19DD219FE471005C0AA7 /* geom_vector4d.h */; };
		3ABF1A54219FE472005C0AA7 /* ruby_prep.h in Headers */ = {isa = PBXBuildFile; fileRef = 3ABF19DE219FE471005C0AA7 /* ruby_prep.h */; };
		3ABF1A55219FE472005C0AA7 /* ruby_prep.h in Headers */ = {isa = PBXBuildFile; fileRef = 3ABF19DE219FE471005C0AA7 /* ruby_prep.h */; };
		3ABF1A56219FE472005C0AA7 /* ruby_prep.h in Headers */ = {isa = PBXBuildFile; fileRef = 3ABF19DE219FE471005C0AA7 /* ruby_prep.h */; };
		3ABF1A57219FE472005C0AA7 /* ruby_prep.h in Headers */ = {isa = PBXBuildFile; fileRef = 3ABF19DE219FE471005C0AA7 /* ruby_prep.h */; };
		3ABF1A58219FE472005C0AA7 /* ruby_prep.h in Headers */ = {isa = PBXBuildFile; fileRef = 3ABF19DE219FE471005C0AA7 /* ruby_prep.h */; };
		3ABF1A59219FE472005C0AA7 /* ruby_util.cpp in Sources */ = {isa = PBXBuildFile; fileRef = 3ABF19DF219FE471005C0AA7 /* ruby_util.cpp */; };
		3ABF1A5A219FE472005C0AA7 /* ruby_util.cpp in Sources */ = {isa = PBXBuildFile; fileRef = 3ABF19DF219FE471005C0AA7 /* ruby_util.cpp */; };
		3ABF1A5B219FE472005C0AA7 /* ruby_util.cpp in Sources */ = {isa = PBXBuildFile; fileRef = 3ABF19DF219FE471005C0AA7 /* ruby_util.cpp */; };
		3ABF1A5C219FE472005C0AA7 /* ruby_util.cpp in Sources */ = {isa = PBXBuildFile; fileRef = 3ABF19DF219FE471005C0AA7 /* ruby_util.cpp */; };
		3ABF1A5D219FE472005C0AA7 /* ruby_util.cpp in Sources */ = {isa = PBXBuildFile; fileRef = 3ABF19DF219FE471005C0AA7 /* ruby_util.cpp */; };
		3ABF1A5E219FE472005C0AA7 /* ruby_util.h in Headers */ = {isa = PBXBuildFile; fileRef = 3ABF19E0219FE471005C0AA7 /* ruby_util.h */; };
		3ABF1A5F219FE472005C0AA7 /* ruby_util.h in Headers */ = {isa = PBXBuildFile; fileRef = 3ABF19E0219FE471005C0AA7 /* ruby_util.h */; };
		3ABF1A60219FE472005C0AA7 /* ruby_util.h in Headers */ = {isa = PBXBuildFile; fileRef = 3ABF19E0219FE471005C0AA7 /* ruby_util.h */; };
		3ABF1A61219FE472005C0AA7 /* ruby_util.h in Headers */ = {isa = PBXBuildFile; fileRef = 3ABF19E0219FE471005C0AA7 /* ruby_util.h */; };
		3ABF1A62219FE472005C0AA7 /* ruby_util.h in Headers */ = {isa = PBXBuildFile; fileRef = 3ABF19E0219FE471005C0AA7 /* ruby_util.h */; };
		3ABF1A63219FE472005C0AA7 /* thread_hive.cpp in Sources */ = {isa = PBXBuildFile; fileRef = 3ABF19E1219FE471005C0AA7 /* thread_hive.cpp */; };
		3ABF1A64219FE472005C0AA7 /* thread_hive.cpp in Sources */ = {isa = PBXBuildFile; fileRef = 3ABF19E1219FE471005C0AA7 /* thread_hive.cpp */; };
		3ABF1A65219FE472005C0AA7 /* thread_hive.cpp in Sources */ = {isa = PBXBuildFile; fileRef = 3ABF19E1219FE471005C0AA7 /* thread_hive.cpp */; };
		3ABF1A66219FE472005C0AA7 /* thread_hive.cpp in Sources */ = {isa = PBXBuildFile; fileRef = 3ABF19E1219FE471005C0AA7 /* thread_hive.cpp */; };
		3ABF1A67219FE472005C0AA7 /* thread_hive.cpp in Sources */ = {isa = PBXBuildFile; fileRef = 3ABF19E1219FE471005C0AA7 /* thread_hive.cpp */; };
		3ABF1A68219FE472005C0AA7 /* thread_hive.h in Headers */ = {isa = PBXBuildFile; fileRef = 3ABF19E2219FE471005C0AA7 /* thread_hive.h */; };
		3ABF1A69219FE472005C0AA7 /* thread_hive.h in Headers */ = {isa = PBXBuildFile; fileRef = 3ABF19E2219FE471005C0AA7 /* thread_hive.h */; };
		3ABF1A6A219FE472005C0AA7 /* thread_hive.h in Headers */ = {isa = PBXBuildFile; fileRef = 3ABF19E2219FE471005C0AA7 /* thread_hive.h */; };
		3ABF1A6B219FE472005C0AA7 /* thread_hive.h in Headers */ = {isa = PBXBuildFile; fileRef = 3ABF19E2219FE471005C0AA7 /* thread_hive.h */; };
		3ABF1A6C219FE472005C0AA7 /* thread_hive.h in Headers */ = {isa = PBXBuildFile; fileRef = 3ABF19E2219FE471005C0AA7 /* thread_hive.h */; };
		3ABF1A6D219FE472005C0AA7 /* ams_cursor.cpp in Sources */ = {isa = PBXBuildFile; fileRef = 3ABF19E4219FE471005C0AA7 /* ams_cursor.cpp */; };
		3ABF1A6E219FE472005C0AA7 /* ams_cursor.cpp in Sources */ = {isa = PBXBuildFile; fileRef = 3ABF19E4219FE471005C0AA7 /* ams_cursor.cpp */; };
		3ABF1A6F219FE472005C0AA7 /* ams_cursor.cpp in Sources */ = {isa = PBXBuildFile; fileRef = 3ABF19E4219FE471005C0AA7 /* ams_cursor.cpp */; };
		3ABF1A70219FE472005C0AA7 /* ams_cursor.cpp in Sources */ = {isa = PBXBuildFile; fileRef = 3ABF19E4219FE471005C0AA7 /* ams_cursor.cpp */; };
		3ABF1A71219FE472005C0AA7 /* ams_cursor.cpp in Sources */ = {isa = PBXBuildFile; fileRef = 3ABF19E4219FE471005C0AA7 /* ams_cursor.cpp */; };
		3ABF1A72219FE472005C0AA7 /* ams_cursor.h in Headers */ = {isa = PBXBuildFile; fileRef = 3ABF19E5219FE471005C0AA7 /* ams_cursor.h */; };
		3ABF1A73219FE472005C0AA7 /* ams_cursor.h in Headers */ = {isa = PBXBuildFile; fileRef = 3ABF19E5219FE471005C0AA7 /* ams_cursor.h */; };
		3ABF1A74219FE472005C0AA7 /* ams_cursor.h in Headers */ = {isa = PBXBuildFile; fileRef = 3ABF19E5219FE471005C0AA7 /* ams_cursor.h */; };
		3ABF1A75219FE472005C0AA7 /* ams_cursor.h in Headers */ = {isa = PBXBuildFile; fileRef = 3ABF19E5219FE471005C0AA7 /* ams_cursor.h */; };
		3ABF1A76219FE472005C0AA7 /* ams_cursor.h in Headers */ = {isa = PBXBuildFile; fileRef = 3ABF19E5219FE471005C0AA7 /* ams_cursor.h */; };
		3ABF1A77219FE472005C0AA7 /* ams_ext.cpp in Sources */ = {isa = PBXBuildFile; fileRef = 3ABF19E6219FE471005C0AA7 /* ams_ext.cpp */; };
		3ABF1A78219FE472005C0AA7 /* ams_ext.cpp in Sources */ = {isa = PBXBuildFile; fileRef = 3ABF19E6219FE471005C0AA7 /* ams_ext.cpp */; };
		3ABF1A79219FE472005C0AA7 /* ams_ext.cpp in Sources */ = {isa = PBXBuildFile; fileRef = 3ABF19E6219FE471005C0AA7 /* ams_ext.cpp */; };
		3ABF1A7A219FE472005C0AA7 /* ams_ext.cpp in Sources */ = {isa = PBXBuildFile; fileRef = 3ABF19E6219FE471005C0AA7 /* ams_ext.cpp */; };
		3ABF1A7B219FE472005C0AA7 /* ams_ext.cpp in Sources */ = {isa = PBXBuildFile; fileRef = 3ABF19E6219FE471005C0AA7 /* ams_ext.cpp */; };
		3ABF1A7C219FE472005C0AA7 /* ams_ext.h in Headers */ = {isa = PBXBuildFile; fileRef = 3ABF19E7219FE471005C0AA7 /* ams_ext.h */; };
		3ABF1A7D219FE472005C0AA7 /* ams_ext.h in Headers */ = {isa = PBXBuildFile; fileRef = 3ABF19E7219FE471005C0AA7 /* ams_ext.h */; };
		3ABF1A7E219FE472005C0AA7 /* ams_ext.h in Headers */ = {isa = PBXBuildFile; fileRef = 3ABF19E7219FE471005C0AA7 /* ams_ext.h */; };
		3ABF1A7F219FE472005C0AA7 /* ams_ext.h in Headers */ = {isa = PBXBuildFile; fileRef = 3ABF19E7219FE471005C0AA7 /* ams_ext.h */; };
		3ABF1A80219FE472005C0AA7 /* ams_ext.h in Headers */ = {isa = PBXBuildFile; fileRef = 3ABF19E7219FE471005C0AA7 /* ams_ext.h */; };
		3ABF1A81219FE472005C0AA7 /* ams_keyboard.cpp in Sources */ = {isa = PBXBuildFile; fileRef = 3ABF19E8219FE471005C0AA7 /* ams_keyboard.cpp */; };
		3ABF1A82219FE472005C0AA7 /* ams_keyboard.cpp in Sources */ = {isa = PBXBuildFile; fileRef = 3ABF19E8219FE471005C0AA7 /* ams_keyboard.cpp */; };
		3ABF1A83219FE472005C0AA7 /* ams_keyboard.cpp in Sources */ = {isa = PBXBuildFile; fileRef = 3ABF19E8219FE471005C0AA7 /* ams_keyboard.cpp */; };
		3ABF1A84219FE472005C0AA7 /* ams_keyboard.cpp in Sources */ = {isa = PBXBuildFile; fileRef = 3ABF19E8219FE471005C0AA7 /* ams_keyboard.cpp */; };
		3ABF1A85219FE472005C0AA7 /* ams_keyboard.cpp in Sources */ = {isa = PBXBuildFile; fileRef = 3ABF19E8219FE471005C0AA7 /* ams_keyboard.cpp */; };
		3ABF1A86219FE472005C0AA7 /* ams_keyboard.h in Headers */ = {isa = PBXBuildFile; fileRef = 3ABF19E9219FE471005C0AA7 /* ams_keyboard.h */; };
		3ABF1A87219FE472005C0AA7 /* ams_keyboard.h in Headers */ = {isa = PBXBuildFile; fileRef = 3ABF19E9219FE471005C0AA7 /* ams_keyboard.h */; };
		3ABF1A88219FE472005C0AA7 /* ams_keyboard.h in Headers */ = {isa = PBXBuildFile; fileRef = 3ABF19E9219FE471005C0AA7 /* ams_keyboard.h */; };
		3ABF1A89219FE472005C0AA7 /* ams_keyboard.h in Headers */ = {isa = PBXBuildFile; fileRef = 3ABF19E9219FE471005C0AA7 /* ams_keyboard.h */; };
		3ABF1A8A219FE472005C0AA7 /* ams_keyboard.h in Headers */ = {isa = PBXBuildFile; fileRef = 3ABF19E9219FE471005C0AA7 /* ams_keyboard.h */; };
		3ABF1A8B219FE472005C0AA7 /* ams_lib.cpp in Sources */ = {isa = PBXBuildFile; fileRef = 3ABF19EA219FE471005C0AA7 /* ams_lib.cpp */; };
		3ABF1A8C219FE472005C0AA7 /* ams_lib.cpp in Sources */ = {isa = PBXBuildFile; fileRef = 3ABF19EA219FE471005C0AA7 /* ams_lib.cpp */; };
		3ABF1A8D219FE472005C0AA7 /* ams_lib.cpp in Sources */ = {isa = PBXBuildFile; fileRef = 3ABF19EA219FE471005C0AA7 /* ams_lib.cpp */; };
		3ABF1A8E219FE472005C0AA7 /* ams_lib.cpp in Sources */ = {isa = PBXBuildFile; fileRef = 3ABF19EA219FE471005C0AA7 /* ams_lib.cpp */; };
		3ABF1A8F219FE472005C0AA7 /* ams_lib.cpp in Sources */ = {isa = PBXBuildFile; fileRef = 3ABF19EA219FE471005C0AA7 /* ams_lib.cpp */; };
		3ABF1A90219FE472005C0AA7 /* ams_midi.cpp in Sources */ = {isa = PBXBuildFile; fileRef = 3ABF19EB219FE471005C0AA7 /* ams_midi.cpp */; };
		3ABF1A91219FE472005C0AA7 /* ams_midi.cpp in Sources */ = {isa = PBXBuildFile; fileRef = 3ABF19EB219FE471005C0AA7 /* ams_midi.cpp */; };
		3ABF1A92219FE472005C0AA7 /* ams_midi.cpp in Sources */ = {isa = PBXBuildFile; fileRef = 3ABF19EB219FE471005C0AA7 /* ams_midi.cpp */; };
		3ABF1A93219FE472005C0AA7 /* ams_midi.cpp in Sources */ = {isa = PBXBuildFile; fileRef = 3ABF19EB219FE471005C0AA7 /* ams_midi.cpp */; };
		3ABF1A94219FE472005C0AA7 /* ams_midi.cpp in Sources */ = {isa = PBXBuildFile; fileRef = 3ABF19EB219FE471005C0AA7 /* ams_midi.cpp */; };
		3ABF1A95219FE472005C0AA7 /* ams_midi.h in Headers */ = {isa = PBXBuildFile; fileRef = 3ABF19EC219FE471005C0AA7 /* ams_midi.h */; };
		3ABF1A96219FE472005C0AA7 /* ams_midi.h in Headers */ = {isa = PBXBuildFile; fileRef = 3ABF19EC219FE471005C0AA7 /* ams_midi.h */; };
		3ABF1A97219FE472005C0AA7 /* ams_midi.h in Headers */ = {isa = PBXBuildFile; fileRef = 3ABF19EC219FE471005C0AA7 /* ams_midi.h */; };
		3ABF1A98219FE472005C0AA7 /* ams_midi.h in Headers */ = {isa = PBXBuildFile; fileRef = 3ABF19EC219FE471005C0AA7 /* ams_midi.h */; };
		3ABF1A99219FE472005C0AA7 /* ams_midi.h in Headers */ = {isa = PBXBuildFile; fileRef = 3ABF19EC219FE471005C0AA7 /* ams_midi.h */; };
		3ABF1A9A219FE472005C0AA7 /* ruby_util_ext.cpp in Sources */ = {isa = PBXBuildFile; fileRef = 3ABF19ED219FE471005C0AA7 /* ruby_util_ext.cpp */; };
		3ABF1A9B219FE472005C0AA7 /* ruby_util_ext.cpp in Sources */ = {isa = PBXBuildFile; fileRef = 3ABF19ED219FE471005C0AA7 /* ruby_util_ext.cpp */; };
		3ABF1A9C219FE472005C0AA7 /* ruby_util_ext.cpp in Sources */ = {isa = PBXBuildFile; fileRef = 3ABF19ED219FE471005C0AA7 /* ruby_util_ext.cpp */; };
		3ABF1A9D219FE472005C0AA7 /* ruby_util_ext.cpp in Sources */ = {isa = PBXBuildFile; fileRef = 3ABF19ED219FE471005C0AA7 /* ruby_util_ext.cpp */; };
		3ABF1A9E219FE472005C0AA7 /* ruby_util_ext.cpp in Sources */ = {isa = PBXBuildFile; fileRef = 3ABF19ED219FE471005C0AA7 /* ruby_util_ext.cpp */; };
		3ABF1A9F219FE473005C0AA7 /* ruby_util_ext.h in Headers */ = {isa = PBXBuildFile; fileRef = 3ABF19EE219FE471005C0AA7 /* ruby_util_ext.h */; };
		3ABF1AA0219FE473005C0AA7 /* ruby_util_ext.h in Headers */ = {isa = PBXBuildFile; fileRef = 3ABF19EE219FE471005C0AA7 /* ruby_util_ext.h */; };
		3ABF1AA1219FE473005C0AA7 /* ruby_util_ext.h in Headers */ = {isa = PBXBuildFile; fileRef = 3ABF19EE219FE471005C0AA7 /* ruby_util_ext.h */; };
		3ABF1AA2219FE473005C0AA7 /* ruby_util_ext.h in Headers */ = {isa = PBXBuildFile; fileRef = 3ABF19EE219FE471005C0AA7 /* ruby_util_ext.h */; };
		3ABF1AA3219FE473005C0AA7 /* ruby_util_ext.h in Headers */ = {isa = PBXBuildFile; fileRef = 3ABF19EE219FE471005C0AA7 /* ruby_util_ext.h */; };
		3ABF1AA4219FE473005C0AA7 /* user_input.c in Sources */ = {isa = PBXBuildFile; fileRef = 3ABF19EF219FE471005C0AA7 /* user_input.c */; };
		3ABF1AA5219FE473005C0AA7 /* user_input.c in Sources */ = {isa = PBXBuildFile; fileRef = 3ABF19EF219FE471005C0AA7 /* user_input.c */; };
		3ABF1AA6219FE473005C0AA7 /* user_input.c in Sources */ = {isa = PBXBuildFile; fileRef = 3ABF19EF219FE471005C0AA7 /* user_input.c */; };
		3ABF1AA7219FE473005C0AA7 /* user_input.c in Sources */ = {isa = PBXBuildFile; fileRef = 3ABF19EF219FE471005C0AA7 /* user_input.c */; };
		3ABF1AA8219FE473005C0AA7 /* user_input.c in Sources */ = {isa = PBXBuildFile; fileRef = 3ABF19EF219FE471005C0AA7 /* user_input.c */; };
		3ABF1AA9219FE473005C0AA7 /* user_input.h in Headers */ = {isa = PBXBuildFile; fileRef = 3ABF19F0219FE471005C0AA7 /* user_input.h */; };
		3ABF1AAA219FE473005C0AA7 /* user_input.h in Headers */ = {isa = PBXBuildFile; fileRef = 3ABF19F0219FE471005C0AA7 /* user_input.h */; };
		3ABF1AAB219FE473005C0AA7 /* user_input.h in Headers */ = {isa = PBXBuildFile; fileRef = 3ABF19F0219FE471005C0AA7 /* user_input.h */; };
		3ABF1AAC219FE473005C0AA7 /* user_input.h in Headers */ = {isa = PBXBuildFile; fileRef = 3ABF19F0219FE471005C0AA7 /* user_input.h */; };
		3ABF1AAD219FE473005C0AA7 /* user_input.h in Headers */ = {isa = PBXBuildFile; fileRef = 3ABF19F0219FE471005C0AA7 /* user_input.h */; };
		3ABF1AAE219FE473005C0AA7 /* ams.cpp in Sources */ = {isa = PBXBuildFile; fileRef = 3ABF19F2219FE471005C0AA7 /* ams.cpp */; };
		3ABF1AAF219FE473005C0AA7 /* ams.cpp in Sources */ = {isa = PBXBuildFile; fileRef = 3ABF19F2219FE471005C0AA7 /* ams.cpp */; };
		3ABF1AB0219FE473005C0AA7 /* ams.cpp in Sources */ = {isa = PBXBuildFile; fileRef = 3ABF19F2219FE471005C0AA7 /* ams.cpp */; };
		3ABF1AB1219FE473005C0AA7 /* ams.cpp in Sources */ = {isa = PBXBuildFile; fileRef = 3ABF19F2219FE471005C0AA7 /* ams.cpp */; };
		3ABF1AB2219FE473005C0AA7 /* ams.cpp in Sources */ = {isa = PBXBuildFile; fileRef = 3ABF19F2219FE471005C0AA7 /* ams.cpp */; };
		3ABF1AB3219FE473005C0AA7 /* ams.h in Headers */ = {isa = PBXBuildFile; fileRef = 3ABF19F3219FE471005C0AA7 /* ams.h */; };
		3ABF1AB4219FE473005C0AA7 /* ams.h in Headers */ = {isa = PBXBuildFile; fileRef = 3ABF19F3219FE471005C0AA7 /* ams.h */; };
		3ABF1AB5219FE473005C0AA7 /* ams.h in Headers */ = {isa = PBXBuildFile; fileRef = 3ABF19F3219FE471005C0AA7 /* ams.h */; };
		3ABF1AB6219FE473005C0AA7 /* ams.h in Headers */ = {isa = PBXBuildFile; fileRef = 3ABF19F3219FE471005C0AA7 /* ams.h */; };
		3ABF1AB7219FE473005C0AA7 /* ams.h in Headers */ = {isa = PBXBuildFile; fileRef = 3ABF19F3219FE471005C0AA7 /* ams.h */; };
		3ABF1AB8219FE473005C0AA7 /* ams_geometry.cpp in Sources */ = {isa = PBXBuildFile; fileRef = 3ABF19F4219FE471005C0AA7 /* ams_geometry.cpp */; };
		3ABF1AB9219FE473005C0AA7 /* ams_geometry.cpp in Sources */ = {isa = PBXBuildFile; fileRef = 3ABF19F4219FE471005C0AA7 /* ams_geometry.cpp */; };
		3ABF1ABA219FE473005C0AA7 /* ams_geometry.cpp in Sources */ = {isa = PBXBuildFile; fileRef = 3ABF19F4219FE471005C0AA7 /* ams_geometry.cpp */; };
		3ABF1ABB219FE473005C0AA7 /* ams_geometry.cpp in Sources */ = {isa = PBXBuildFile; fileRef = 3ABF19F4219FE471005C0AA7 /* ams_geometry.cpp */; };
		3ABF1ABC219FE473005C0AA7 /* ams_geometry.cpp in Sources */ = {isa = PBXBuildFile; fileRef = 3ABF19F4219FE471005C0AA7 /* ams_geometry.cpp */; };
		3ABF1ABD219FE473005C0AA7 /* ams_geometry.h in Headers */ = {isa = PBXBuildFile; fileRef = 3ABF19F5219FE471005C0AA7 /* ams_geometry.h */; };
		3ABF1ABE219FE473005C0AA7 /* ams_geometry.h in Headers */ = {isa = PBXBuildFile; fileRef = 3ABF19F5219FE471005C0AA7 /* ams_geometry.h */; };
		3ABF1ABF219FE473005C0AA7 /* ams_geometry.h in Headers */ = {isa = PBXBuildFile; fileRef = 3ABF19F5219FE471005C0AA7 /* ams_geometry.h */; };
		3ABF1AC0219FE473005C0AA7 /* ams_geometry.h in Headers */ = {isa = PBXBuildFile; fileRef = 3ABF19F5219FE471005C0AA7 /* ams_geometry.h */; };
		3ABF1AC1219FE473005C0AA7 /* ams_geometry.h in Headers */ = {isa = PBXBuildFile; fileRef = 3ABF19F5219FE471005C0AA7 /* ams_geometry.h */; };
		3ABF1AC2219FE473005C0AA7 /* ams_group.cpp in Sources */ = {isa = PBXBuildFile; fileRef = 3ABF19F6219FE471005C0AA7 /* ams_group.cpp */; };
		3ABF1AC3219FE473005C0AA7 /* ams_group.cpp in Sources */ = {isa = PBXBuildFile; fileRef = 3ABF19F6219FE471005C0AA7 /* ams_group.cpp */; };
		3ABF1AC4219FE473005C0AA7 /* ams_group.cpp in Sources */ = {isa = PBXBuildFile; fileRef = 3ABF19F6219FE471005C0AA7 /* ams_group.cpp */; };
		3ABF1AC5219FE473005C0AA7 /* ams_group.cpp in Sources */ = {isa = PBXBuildFile; fileRef = 3ABF19F6219FE471005C0AA7 /* ams_group.cpp */; };
		3ABF1AC6219FE473005C0AA7 /* ams_group.cpp in Sources */ = {isa = PBXBuildFile; fileRef = 3ABF19F6219FE471005C0AA7 /* ams_group.cpp */; };
		3ABF1AC7219FE473005C0AA7 /* ams_group.h in Headers */ = {isa = PBXBuildFile; fileRef = 3ABF19F7219FE471005C0AA7 /* ams_group.h */; };
		3ABF1AC8219FE473005C0AA7 /* ams_group.h in Headers */ = {isa = PBXBuildFile; fileRef = 3ABF19F7219FE471005C0AA7 /* ams_group.h */; };
		3ABF1AC9219FE473005C0AA7 /* ams_group.h in Headers */ = {isa = PBXBuildFile; fileRef = 3ABF19F7219FE471005C0AA7 /* ams_group.h */; };
		3ABF1ACA219FE473005C0AA7 /* ams_group.h in Headers */ = {isa = PBXBuildFile; fileRef = 3ABF19F7219FE471005C0AA7 /* ams_group.h */; };
		3ABF1ACB219FE473005C0AA7 /* ams_group.h in Headers */ = {isa = PBXBuildFile; fileRef = 3ABF19F7219FE471005C0AA7 /* ams_group.h */; };
		3ABF1ACC219FE473005C0AA7 /* ams_multi_line_text.cpp in Sources */ = {isa = PBXBuildFile; fileRef = 3ABF19F8219FE471005C0AA7 /* ams_multi_line_text.cpp */; };
		3ABF1ACD219FE473005C0AA7 /* ams_multi_line_text.cpp in Sources */ = {isa = PBXBuildFile; fileRef = 3ABF19F8219FE471005C0AA7 /* ams_multi_line_text.cpp */; };
		3ABF1ACE219FE473005C0AA7 /* ams_multi_line_text.cpp in Sources */ = {isa = PBXBuildFile; fileRef = 3ABF19F8219FE471005C0AA7 /* ams_multi_line_text.cpp */; };
		3ABF1ACF219FE473005C0AA7 /* ams_multi_line_text.cpp in Sources */ = {isa = PBXBuildFile; fileRef = 3ABF19F8219FE471005C0AA7 /* ams_multi_line_text.cpp */; };
		3ABF1AD0219FE473005C0AA7 /* ams_multi_line_text.cpp in Sources */ = {isa = PBXBuildFile; fileRef = 3ABF19F8219FE471005C0AA7 /* ams_multi_line_text.cpp */; };
		3ABF1AD1219FE473005C0AA7 /* ams_multi_line_text.h in Headers */ = {isa = PBXBuildFile; fileRef = 3ABF19F9219FE471005C0AA7 /* ams_multi_line_text.h */; };
		3ABF1AD2219FE473005C0AA7 /* ams_multi_line_text.h in Headers */ = {isa = PBXBuildFile; fileRef = 3ABF19F9219FE471005C0AA7 /* ams_multi_line_text.h */; };
		3ABF1AD3219FE473005C0AA7 /* ams_multi_line_text.h in Headers */ = {isa = PBXBuildFile; fileRef = 3ABF19F9219FE471005C0AA7 /* ams_multi_line_text.h */; };
		3ABF1AD4219FE473005C0AA7 /* ams_multi_line_text.h in Headers */ = {isa = PBXBuildFile; fileRef = 3ABF19F9219FE471005C0AA7 /* ams_multi_line_text.h */; };
		3ABF1AD5219FE473005C0AA7 /* ams_multi_line_text.h in Headers */ = {isa = PBXBuildFile; fileRef = 3ABF19F9219FE471005C0AA7 /* ams_multi_line_text.h */; };
		3ABF1AD8219FE56E005C0AA7 /* Ruby.Framework in Frameworks */ = {isa = PBXBuildFile; fileRef = 3ABF1AD7219FE56E005C0AA7 /* Ruby.Framework */; };
		3ABF1ADD219FE5AD005C0AA7 /* Ruby.framework in Frameworks */ = {isa = PBXBuildFile; fileRef = 3ABF1ADC219FE5AD005C0AA7 /* Ruby.framework */; };
		3ABF1ADF219FE5BE005C0AA7 /* Ruby.framework in Frameworks */ = {isa = PBXBuildFile; fileRef = 3ABF1ADE219FE5BE005C0AA7 /* Ruby.framework */; };
		3ABF1AE0219FE5DB005C0AA7 /* Ruby.framework in Frameworks */ = {isa = PBXBuildFile; fileRef = 3ABF1ADE219FE5BE005C0AA7 /* Ruby.framework */; };
		3ABF1AE2219FE5E9005C0AA7 /* Ruby.framework in Frameworks */ = {isa = PBXBuildFile; fileRef = 3ABF1AE1219FE5E9005C0AA7 /* Ruby.framework */; };
		3ABF1AE5219FECBB005C0AA7 /* AudioUnit.framework in Frameworks */ = {isa = PBXBuildFile; fileRef = 3ABF1AE4219FECBA005C0AA7 /* AudioUnit.framework */; };
		3ABF1AE7219FECC5005C0AA7 /* Carbon.framework in Frameworks */ = {isa = PBXBuildFile; fileRef = 3ABF1AE6219FECC5005C0AA7 /* Carbon.framework */; };
		3ABF1AE9219FECD0005C0AA7 /* AudioToolbox.framework in Frameworks */ = {isa = PBXBuildFile; fileRef = 3ABF1AE8219FECD0005C0AA7 /* AudioToolbox.framework */; };
		3ABF1AEA219FECDC005C0AA7 /* Carbon.framework in Frameworks */ = {isa = PBXBuildFile; fileRef = 3ABF1AE6219FECC5005C0AA7 /* Carbon.framework */; };
		3ABF1AEB219FECE2005C0AA7 /* AudioToolbox.framework in Frameworks */ = {isa = PBXBuildFile; fileRef = 3ABF1AE8219FECD0005C0AA7 /* AudioToolbox.framework */; };
		3ABF1AEC219FECE7005C0AA7 /* AudioUnit.framework in Frameworks */ = {isa = PBXBuildFile; fileRef = 3ABF1AE4219FECBA005C0AA7 /* AudioUnit.framework */; };
		3ABF1AED219FECF6005C0AA7 /* AudioToolbox.framework in Frameworks */ = {isa = PBXBuildFile; fileRef = 3ABF1AE8219FECD0005C0AA7 /* AudioToolbox.framework */; };
		3ABF1AEE219FECFB005C0AA7 /* Carbon.framework in Frameworks */ = {isa = PBXBuildFile; fileRef = 3ABF1AE6219FECC5005C0AA7 /* Carbon.framework */; };
		3ABF1AEF219FECFF005C0AA7 /* AudioUnit.framework in Frameworks */ = {isa = PBXBuildFile; fileRef = 3ABF1AE4219FECBA005C0AA7 /* AudioUnit.framework */; };
		3ABF1AF0219FED06005C0AA7 /* AudioToolbox.framework in Frameworks */ = {isa = PBXBuildFile; fileRef = 3ABF1AE8219FECD0005C0AA7 /* AudioToolbox.framework */; };
		3ABF1AF1219FED06005C0AA7 /* AudioUnit.framework in Frameworks */ = {isa = PBXBuildFile; fileRef = 3ABF1AE4219FECBA005C0AA7 /* AudioUnit.framework */; };
		3ABF1AF2219FED0C005C0AA7 /* Carbon.framework in Frameworks */ = {isa = PBXBuildFile; fileRef = 3ABF1AE6219FECC5005C0AA7 /* Carbon.framework */; };
		3ABF1AF3219FED12005C0AA7 /* AudioToolbox.framework in Frameworks */ = {isa = PBXBuildFile; fileRef = 3ABF1AE8219FECD0005C0AA7 /* AudioToolbox.framework */; };
		3ABF1AF4219FED12005C0AA7 /* AudioUnit.framework in Frameworks */ = {isa = PBXBuildFile; fileRef = 3ABF1AE4219FECBA005C0AA7 /* AudioUnit.framework */; };
		3ABF1AF5219FED15005C0AA7 /* Carbon.framework in Frameworks */ = {isa = PBXBuildFile; fileRef = 3ABF1AE6219FECC5005C0AA7 /* Carbon.framework */; };
/* End PBXBuildFile section */

/* Begin PBXFileReference section */
		33CDE5E5182703B200F7C6E8 /* ams_lib.bundle */ = {isa = PBXFileReference; explicitFileType = "compiled.mach-o.dylib"; includeInIndex = 0; path = ams_lib.bundle; sourceTree = BUILT_PRODUCTS_DIR; };
		3A33F1881DC47FF600CA768D /* ams_lib.bundle */ = {isa = PBXFileReference; explicitFileType = "compiled.mach-o.dylib"; includeInIndex = 0; path = ams_lib.bundle; sourceTree = BUILT_PRODUCTS_DIR; };
		3A4DC2F22136292D000EA18E /* ams_lib.bundle */ = {isa = PBXFileReference; explicitFileType = "compiled.mach-o.dylib"; includeInIndex = 0; path = ams_lib.bundle; sourceTree = BUILT_PRODUCTS_DIR; };
		3ABF19CC219FE471005C0AA7 /* common.h */ = {isa = PBXFileReference; fileEncoding = 4; lastKnownFileType = sourcecode.c.h; path = common.h; sourceTree = "<group>"; };
		3ABF19CD219FE471005C0AA7 /* dynamic_array.h */ = {isa = PBXFileReference; fileEncoding = 4; lastKnownFileType = sourcecode.c.h; path = dynamic_array.h; sourceTree = "<group>"; };
		3ABF19CE219FE471005C0AA7 /* fast_queue.h */ = {isa = PBXFileReference; fileEncoding = 4; lastKnownFileType = sourcecode.c.h; path = fast_queue.h; sourceTree = "<group>"; };
		3ABF19CF219FE471005C0AA7 /* geom.cpp */ = {isa = PBXFileReference; fileEncoding = 4; lastKnownFileType = sourcecode.cpp.cpp; path = geom.cpp; sourceTree = "<group>"; };
		3ABF19D0219FE471005C0AA7 /* geom.h */ = {isa = PBXFileReference; fileEncoding = 4; lastKnownFileType = sourcecode.c.h; path = geom.h; sourceTree = "<group>"; };
		3ABF19D1219FE471005C0AA7 /* geom_bounding_box.cpp */ = {isa = PBXFileReference; fileEncoding = 4; lastKnownFileType = sourcecode.cpp.cpp; path = geom_bounding_box.cpp; sourceTree = "<group>"; };
		3ABF19D2219FE471005C0AA7 /* geom_bounding_box.h */ = {isa = PBXFileReference; fileEncoding = 4; lastKnownFileType = sourcecode.c.h; path = geom_bounding_box.h; sourceTree = "<group>"; };
		3ABF19D3219FE471005C0AA7 /* geom_box_space.h */ = {isa = PBXFileReference; fileEncoding = 4; lastKnownFileType = sourcecode.c.h; path = geom_box_space.h; sourceTree = "<group>"; };
		3ABF19D4219FE471005C0AA7 /* geom_color.cpp */ = {isa = PBXFileReference; fileEncoding = 4; lastKnownFileType = sourcecode.cpp.cpp; path = geom_color.cpp; sourceTree = "<group>"; };
		3ABF19D5219FE471005C0AA7 /* geom_color.h */ = {isa = PBXFileReference; fileEncoding = 4; lastKnownFileType = sourcecode.c.h; path = geom_color.h; sourceTree = "<group>"; };
		3ABF19D6219FE471005C0AA7 /* geom_quaternion.cpp */ = {isa = PBXFileReference; fileEncoding = 4; lastKnownFileType = sourcecode.cpp.cpp; path = geom_quaternion.cpp; sourceTree = "<group>"; };
		3ABF19D7219FE471005C0AA7 /* geom_quaternion.h */ = {isa = PBXFileReference; fileEncoding = 4; lastKnownFileType = sourcecode.c.h; path = geom_quaternion.h; sourceTree = "<group>"; };
		3ABF19D8219FE471005C0AA7 /* geom_transformation.cpp */ = {isa = PBXFileReference; fileEncoding = 4; lastKnownFileType = sourcecode.cpp.cpp; path = geom_transformation.cpp; sourceTree = "<group>"; };
		3ABF19D9219FE471005C0AA7 /* geom_transformation.h */ = {isa = PBXFileReference; fileEncoding = 4; lastKnownFileType = sourcecode.c.h; path = geom_transformation.h; sourceTree = "<group>"; };
		3ABF19DA219FE471005C0AA7 /* geom_vector3d.cpp */ = {isa = PBXFileReference; fileEncoding = 4; lastKnownFileType = sourcecode.cpp.cpp; path = geom_vector3d.cpp; sourceTree = "<group>"; };
		3ABF19DB219FE471005C0AA7 /* geom_vector3d.h */ = {isa = PBXFileReference; fileEncoding = 4; lastKnownFileType = sourcecode.c.h; path = geom_vector3d.h; sourceTree = "<group>"; };
		3ABF19DC219FE471005C0AA7 /* geom_vector4d.cpp */ = {isa = PBXFileReference; fileEncoding = 4; lastKnownFileType = sourcecode.cpp.cpp; path = geom_vector4d.cpp; sourceTree = "<group>"; };
		3ABF19DD219FE471005C0AA7 /* geom_vector4d.h */ = {isa = PBXFileReference; fileEncoding = 4; lastKnownFileType = sourcecode.c.h; path = geom_vector4d.h; sourceTree = "<group>"; };
		3ABF19DE219FE471005C0AA7 /* ruby_prep.h */ = {isa = PBXFileReference; fileEncoding = 4; lastKnownFileType = sourcecode.c.h; path = ruby_prep.h; sourceTree = "<group>"; };
		3ABF19DF219FE471005C0AA7 /* ruby_util.cpp */ = {isa = PBXFileReference; fileEncoding = 4; lastKnownFileType = sourcecode.cpp.cpp; path = ruby_util.cpp; sourceTree = "<group>"; };
		3ABF19E0219FE471005C0AA7 /* ruby_util.h */ = {isa = PBXFileReference; fileEncoding = 4; lastKnownFileType = sourcecode.c.h; path = ruby_util.h; sourceTree = "<group>"; };
		3ABF19E1219FE471005C0AA7 /* thread_hive.cpp */ = {isa = PBXFileReference; fileEncoding = 4; lastKnownFileType = sourcecode.cpp.cpp; path = thread_hive.cpp; sourceTree = "<group>"; };
		3ABF19E2219FE471005C0AA7 /* thread_hive.h */ = {isa = PBXFileReference; fileEncoding = 4; lastKnownFileType = sourcecode.c.h; path = thread_hive.h; sourceTree = "<group>"; };
		3ABF19E4219FE471005C0AA7 /* ams_cursor.cpp */ = {isa = PBXFileReference; fileEncoding = 4; lastKnownFileType = sourcecode.cpp.cpp; path = ams_cursor.cpp; sourceTree = "<group>"; };
		3ABF19E5219FE471005C0AA7 /* ams_cursor.h */ = {isa = PBXFileReference; fileEncoding = 4; lastKnownFileType = sourcecode.c.h; path = ams_cursor.h; sourceTree = "<group>"; };
		3ABF19E6219FE471005C0AA7 /* ams_ext.cpp */ = {isa = PBXFileReference; fileEncoding = 4; lastKnownFileType = sourcecode.cpp.cpp; path = ams_ext.cpp; sourceTree = "<group>"; };
		3ABF19E7219FE471005C0AA7 /* ams_ext.h */ = {isa = PBXFileReference; fileEncoding = 4; lastKnownFileType = sourcecode.c.h; path = ams_ext.h; sourceTree = "<group>"; };
		3ABF19E8219FE471005C0AA7 /* ams_keyboard.cpp */ = {isa = PBXFileReference; fileEncoding = 4; lastKnownFileType = sourcecode.cpp.cpp; path = ams_keyboard.cpp; sourceTree = "<group>"; };
		3ABF19E9219FE471005C0AA7 /* ams_keyboard.h */ = {isa = PBXFileReference; fileEncoding = 4; lastKnownFileType = sourcecode.c.h; path = ams_keyboard.h; sourceTree = "<group>"; };
		3ABF19EA219FE471005C0AA7 /* ams_lib.cpp */ = {isa = PBXFileReference; fileEncoding = 4; lastKnownFileType = sourcecode.cpp.cpp; path = ams_lib.cpp; sourceTree = "<group>"; };
		3ABF19EB219FE471005C0AA7 /* ams_midi.cpp */ = {isa = PBXFileReference; fileEncoding = 4; lastKnownFileType = sourcecode.cpp.cpp; path = ams_midi.cpp; sourceTree = "<group>"; };
		3ABF19EC219FE471005C0AA7 /* ams_midi.h */ = {isa = PBXFileReference; fileEncoding = 4; lastKnownFileType = sourcecode.c.h; path = ams_midi.h; sourceTree = "<group>"; };
		3ABF19ED219FE471005C0AA7 /* ruby_util_ext.cpp */ = {isa = PBXFileReference; fileEncoding = 4; lastKnownFileType = sourcecode.cpp.cpp; path = ruby_util_ext.cpp; sourceTree = "<group>"; };
		3ABF19EE219FE471005C0AA7 /* ruby_util_ext.h */ = {isa = PBXFileReference; fileEncoding = 4; lastKnownFileType = sourcecode.c.h; path = ruby_util_ext.h; sourceTree = "<group>"; };
		3ABF19EF219FE471005C0AA7 /* user_input.c */ = {isa = PBXFileReference; fileEncoding = 4; lastKnownFileType = sourcecode.c.c; path = user_input.c; sourceTree = "<group>"; };
		3ABF19F0219FE471005C0AA7 /* user_input.h */ = {isa = PBXFileReference; fileEncoding = 4; lastKnownFileType = sourcecode.c.h; path = user_input.h; sourceTree = "<group>"; };
		3ABF19F2219FE471005C0AA7 /* ams.cpp */ = {isa = PBXFileReference; fileEncoding = 4; lastKnownFileType = sourcecode.cpp.cpp; path = ams.cpp; sourceTree = "<group>"; };
		3ABF19F3219FE471005C0AA7 /* ams.h */ = {isa = PBXFileReference; fileEncoding = 4; lastKnownFileType = sourcecode.c.h; path = ams.h; sourceTree = "<group>"; };
		3ABF19F4219FE471005C0AA7 /* ams_geometry.cpp */ = {isa = PBXFileReference; fileEncoding = 4; lastKnownFileType = sourcecode.cpp.cpp; path = ams_geometry.cpp; sourceTree = "<group>"; };
		3ABF19F5219FE471005C0AA7 /* ams_geometry.h */ = {isa = PBXFileReference; fileEncoding = 4; lastKnownFileType = sourcecode.c.h; path = ams_geometry.h; sourceTree = "<group>"; };
		3ABF19F6219FE471005C0AA7 /* ams_group.cpp */ = {isa = PBXFileReference; fileEncoding = 4; lastKnownFileType = sourcecode.cpp.cpp; path = ams_group.cpp; sourceTree = "<group>"; };
		3ABF19F7219FE471005C0AA7 /* ams_group.h */ = {isa = PBXFileReference; fileEncoding = 4; lastKnownFileType = sourcecode.c.h; path = ams_group.h; sourceTree = "<group>"; };
		3ABF19F8219FE471005C0AA7 /* ams_multi_line_text.cpp */ = {isa = PBXFileReference; fileEncoding = 4; lastKnownFileType = sourcecode.cpp.cpp; path = ams_multi_line_text.cpp; sourceTree = "<group>"; };
		3ABF19F9219FE471005C0AA7 /* ams_multi_line_text.h */ = {isa = PBXFileReference; fileEncoding = 4; lastKnownFileType = sourcecode.c.h; path = ams_multi_line_text.h; sourceTree = "<group>"; };
		3ABF1AD7219FE56E005C0AA7 /* Ruby.Framework */ = {isa = PBXFileReference; lastKnownFileType = wrapper.framework; name = Ruby.Framework; path = ../../ThirdParty/Ruby/lib/mac/2.5/Ruby.Framework; sourceTree = "<group>"; };
		3ABF1ADC219FE5AD005C0AA7 /* Ruby.framework */ = {isa = PBXFileReference; lastKnownFileType = wrapper.framework; name = Ruby.framework; path = ../../ThirdParty/Ruby/lib/mac/2.2/Ruby.framework; sourceTree = "<group>"; };
		3ABF1ADE219FE5BE005C0AA7 /* Ruby.framework */ = {isa = PBXFileReference; lastKnownFileType = wrapper.framework; name = Ruby.framework; path = ../../ThirdParty/Ruby/lib/mac/2.0/Ruby.framework; sourceTree = "<group>"; };
		3ABF1AE1219FE5E9005C0AA7 /* Ruby.framework */ = {isa = PBXFileReference; lastKnownFileType = wrapper.framework; name = Ruby.framework; path = ../../ThirdParty/Ruby/lib/mac/1.8/Ruby.framework; sourceTree = "<group>"; };
		3ABF1AE4219FECBA005C0AA7 /* AudioUnit.framework */ = {isa = PBXFileReference; lastKnownFileType = wrapper.framework; name = AudioUnit.framework; path = System/Library/Frameworks/AudioUnit.framework; sourceTree = SDKROOT; };
		3ABF1AE6219FECC5005C0AA7 /* Carbon.framework */ = {isa = PBXFileReference; lastKnownFileType = wrapper.framework; name = Carbon.framework; path = System/Library/Frameworks/Carbon.framework; sourceTree = SDKROOT; };
		3ABF1AE8219FECD0005C0AA7 /* AudioToolbox.framework */ = {isa = PBXFileReference; lastKnownFileType = wrapper.framework; name = AudioToolbox.framework; path = System/Library/Frameworks/AudioToolbox.framework; sourceTree = SDKROOT; };
		3AEFA35821104CE4002C7DE9 /* ams_lib.bundle */ = {isa = PBXFileReference; explicitFileType = "compiled.mach-o.dylib"; includeInIndex = 0; path = ams_lib.bundle; sourceTree = BUILT_PRODUCTS_DIR; };
		CE405E8A184763D300A77187 /* ams_lib.bundle */ = {isa = PBXFileReference; explicitFileType = "compiled.mach-o.dylib"; includeInIndex = 0; path = ams_lib.bundle; sourceTree = BUILT_PRODUCTS_DIR; };
/* End PBXFileReference section */

/* Begin PBXFrameworksBuildPhase section */
		33CDE5E2182703B100F7C6E8 /* Frameworks */ = {
			isa = PBXFrameworksBuildPhase;
			buildActionMask = 2147483647;
			files = (
				3ABF1AEF219FECFF005C0AA7 /* AudioUnit.framework in Frameworks */,
				3ABF1AEE219FECFB005C0AA7 /* Carbon.framework in Frameworks */,
				3ABF1AED219FECF6005C0AA7 /* AudioToolbox.framework in Frameworks */,
				3ABF1AE0219FE5DB005C0AA7 /* Ruby.framework in Frameworks */,
			);
			runOnlyForDeploymentPostprocessing = 0;
		};
		3A33F15C1DC47FF600CA768D /* Frameworks */ = {
			isa = PBXFrameworksBuildPhase;
			buildActionMask = 2147483647;
			files = (
				3ABF1AEC219FECE7005C0AA7 /* AudioUnit.framework in Frameworks */,
				3ABF1AEB219FECE2005C0AA7 /* AudioToolbox.framework in Frameworks */,
				3ABF1AEA219FECDC005C0AA7 /* Carbon.framework in Frameworks */,
				3ABF1ADD219FE5AD005C0AA7 /* Ruby.framework in Frameworks */,
			);
			runOnlyForDeploymentPostprocessing = 0;
		};
		3A4DC2D42136292D000EA18E /* Frameworks */ = {
			isa = PBXFrameworksBuildPhase;
			buildActionMask = 2147483647;
			files = (
				3ABF1AE9219FECD0005C0AA7 /* AudioToolbox.framework in Frameworks */,
				3ABF1AE7219FECC5005C0AA7 /* Carbon.framework in Frameworks */,
				3ABF1AE5219FECBB005C0AA7 /* AudioUnit.framework in Frameworks */,
				3ABF1AD8219FE56E005C0AA7 /* Ruby.Framework in Frameworks */,
			);
			runOnlyForDeploymentPostprocessing = 0;
		};
		3AEFA33A21104CE4002C7DE9 /* Frameworks */ = {
			isa = PBXFrameworksBuildPhase;
			buildActionMask = 2147483647;
			files = (
				3ABF1AF2219FED0C005C0AA7 /* Carbon.framework in Frameworks */,
				3ABF1AF0219FED06005C0AA7 /* AudioToolbox.framework in Frameworks */,
				3ABF1AF1219FED06005C0AA7 /* AudioUnit.framework in Frameworks */,
				3ABF1ADF219FE5BE005C0AA7 /* Ruby.framework in Frameworks */,
			);
			runOnlyForDeploymentPostprocessing = 0;
		};
		CE405E82184763D300A77187 /* Frameworks */ = {
			isa = PBXFrameworksBuildPhase;
			buildActionMask = 2147483647;
			files = (
				3ABF1AF5219FED15005C0AA7 /* Carbon.framework in Frameworks */,
				3ABF1AF3219FED12005C0AA7 /* AudioToolbox.framework in Frameworks */,
				3ABF1AF4219FED12005C0AA7 /* AudioUnit.framework in Frameworks */,
				3ABF1AE2219FE5E9005C0AA7 /* Ruby.framework in Frameworks */,
			);
			runOnlyForDeploymentPostprocessing = 0;
		};
/* End PBXFrameworksBuildPhase section */

/* Begin PBXGroup section */
		33CDE5DA182703B100F7C6E8 = {
			isa = PBXGroup;
			children = (
				3ABF19F1219FE471005C0AA7 /* main */,
				3ABF19E3219FE471005C0AA7 /* osx */,
				3ABF19CB219FE471005C0AA7 /* utils */,
				33CDE5E6182703B200F7C6E8 /* Products */,
				3ABF1AD6219FE56E005C0AA7 /* Frameworks */,
			);
			sourceTree = "<group>";
		};
		33CDE5E6182703B200F7C6E8 /* Products */ = {
			isa = PBXGroup;
			children = (
				33CDE5E5182703B200F7C6E8 /* ams_lib.bundle */,
				CE405E8A184763D300A77187 /* ams_lib.bundle */,
				3A33F1881DC47FF600CA768D /* ams_lib.bundle */,
				3AEFA35821104CE4002C7DE9 /* ams_lib.bundle */,
				3A4DC2F22136292D000EA18E /* ams_lib.bundle */,
			);
			name = Products;
			sourceTree = "<group>";
		};
		3ABF19CB219FE471005C0AA7 /* utils */ = {
			isa = PBXGroup;
			children = (
				3ABF19CC219FE471005C0AA7 /* common.h */,
				3ABF19CD219FE471005C0AA7 /* dynamic_array.h */,
				3ABF19CE219FE471005C0AA7 /* fast_queue.h */,
				3ABF19CF219FE471005C0AA7 /* geom.cpp */,
				3ABF19D0219FE471005C0AA7 /* geom.h */,
				3ABF19D1219FE471005C0AA7 /* geom_bounding_box.cpp */,
				3ABF19D2219FE471005C0AA7 /* geom_bounding_box.h */,
				3ABF19D3219FE471005C0AA7 /* geom_box_space.h */,
				3ABF19D4219FE471005C0AA7 /* geom_color.cpp */,
				3ABF19D5219FE471005C0AA7 /* geom_color.h */,
				3ABF19D6219FE471005C0AA7 /* geom_quaternion.cpp */,
				3ABF19D7219FE471005C0AA7 /* geom_quaternion.h */,
				3ABF19D8219FE471005C0AA7 /* geom_transformation.cpp */,
				3ABF19D9219FE471005C0AA7 /* geom_transformation.h */,
				3ABF19DA219FE471005C0AA7 /* geom_vector3d.cpp */,
				3ABF19DB219FE471005C0AA7 /* geom_vector3d.h */,
				3ABF19DC219FE471005C0AA7 /* geom_vector4d.cpp */,
				3ABF19DD219FE471005C0AA7 /* geom_vector4d.h */,
				3ABF19DE219FE471005C0AA7 /* ruby_prep.h */,
				3ABF19DF219FE471005C0AA7 /* ruby_util.cpp */,
				3ABF19E0219FE471005C0AA7 /* ruby_util.h */,
				3ABF19E1219FE471005C0AA7 /* thread_hive.cpp */,
				3ABF19E2219FE471005C0AA7 /* thread_hive.h */,
			);
			name = utils;
			path = ../../Source/utils;
			sourceTree = "<group>";
		};
		3ABF19E3219FE471005C0AA7 /* osx */ = {
			isa = PBXGroup;
			children = (
				3ABF19E4219FE471005C0AA7 /* ams_cursor.cpp */,
				3ABF19E5219FE471005C0AA7 /* ams_cursor.h */,
				3ABF19E6219FE471005C0AA7 /* ams_ext.cpp */,
				3ABF19E7219FE471005C0AA7 /* ams_ext.h */,
				3ABF19E8219FE471005C0AA7 /* ams_keyboard.cpp */,
				3ABF19E9219FE471005C0AA7 /* ams_keyboard.h */,
				3ABF19EA219FE471005C0AA7 /* ams_lib.cpp */,
				3ABF19EB219FE471005C0AA7 /* ams_midi.cpp */,
				3ABF19EC219FE471005C0AA7 /* ams_midi.h */,
				3ABF19ED219FE471005C0AA7 /* ruby_util_ext.cpp */,
				3ABF19EE219FE471005C0AA7 /* ruby_util_ext.h */,
				3ABF19EF219FE471005C0AA7 /* user_input.c */,
				3ABF19F0219FE471005C0AA7 /* user_input.h */,
			);
			name = osx;
			path = ../../Source/osx;
			sourceTree = "<group>";
		};
		3ABF19F1219FE471005C0AA7 /* main */ = {
			isa = PBXGroup;
			children = (
				3ABF19F2219FE471005C0AA7 /* ams.cpp */,
				3ABF19F3219FE471005C0AA7 /* ams.h */,
				3ABF19F4219FE471005C0AA7 /* ams_geometry.cpp */,
				3ABF19F5219FE471005C0AA7 /* ams_geometry.h */,
				3ABF19F6219FE471005C0AA7 /* ams_group.cpp */,
				3ABF19F7219FE471005C0AA7 /* ams_group.h */,
				3ABF19F8219FE471005C0AA7 /* ams_multi_line_text.cpp */,
				3ABF19F9219FE471005C0AA7 /* ams_multi_line_text.h */,
			);
			name = main;
			path = ../../Source/main;
			sourceTree = "<group>";
		};
		3ABF1AD6219FE56E005C0AA7 /* Frameworks */ = {
			isa = PBXGroup;
			children = (
				3ABF1AE8219FECD0005C0AA7 /* AudioToolbox.framework */,
				3ABF1AE6219FECC5005C0AA7 /* Carbon.framework */,
				3ABF1AE4219FECBA005C0AA7 /* AudioUnit.framework */,
				3ABF1ADC219FE5AD005C0AA7 /* Ruby.framework */,
				3ABF1ADE219FE5BE005C0AA7 /* Ruby.framework */,
				3ABF1AE1219FE5E9005C0AA7 /* Ruby.framework */,
				3ABF1AD7219FE56E005C0AA7 /* Ruby.Framework */,
			);
			name = Frameworks;
			sourceTree = "<group>";
		};
/* End PBXGroup section */

/* Begin PBXHeadersBuildPhase section */
		33CDE5E3182703B100F7C6E8 /* Headers */ = {
			isa = PBXHeadersBuildPhase;
			buildActionMask = 2147483647;
			files = (
				3ABF1A7D219FE472005C0AA7 /* ams_ext.h in Headers */,
				3ABF1A87219FE472005C0AA7 /* ams_keyboard.h in Headers */,
				3ABF1A46219FE472005C0AA7 /* geom_vector3d.h in Headers */,
				3ABF1AA0219FE473005C0AA7 /* ruby_util_ext.h in Headers */,
				3ABF1A55219FE472005C0AA7 /* ruby_prep.h in Headers */,
				3ABF1A50219FE472005C0AA7 /* geom_vector4d.h in Headers */,
				3ABF1A0F219FE472005C0AA7 /* geom.h in Headers */,
				3ABF1A19219FE472005C0AA7 /* geom_bounding_box.h in Headers */,
				3ABF1A96219FE472005C0AA7 /* ams_midi.h in Headers */,
				3ABF1A5F219FE472005C0AA7 /* ruby_util.h in Headers */,
				3ABF1A69219FE472005C0AA7 /* thread_hive.h in Headers */,
				3ABF1A73219FE472005C0AA7 /* ams_cursor.h in Headers */,
				3ABF1AAA219FE473005C0AA7 /* user_input.h in Headers */,
				3ABF1A3C219FE472005C0AA7 /* geom_transformation.h in Headers */,
				3ABF1AC8219FE473005C0AA7 /* ams_group.h in Headers */,
				3ABF1A05219FE472005C0AA7 /* fast_queue.h in Headers */,
				3ABF1AB4219FE473005C0AA7 /* ams.h in Headers */,
				3ABF1AD2219FE473005C0AA7 /* ams_multi_line_text.h in Headers */,
				3ABF1A1E219FE472005C0AA7 /* geom_box_space.h in Headers */,
				3ABF1A32219FE472005C0AA7 /* geom_quaternion.h in Headers */,
				3ABF1ABE219FE473005C0AA7 /* ams_geometry.h in Headers */,
				3ABF1A00219FE472005C0AA7 /* dynamic_array.h in Headers */,
				3ABF1A28219FE472005C0AA7 /* geom_color.h in Headers */,
				3ABF19FB219FE472005C0AA7 /* common.h in Headers */,
			);
			runOnlyForDeploymentPostprocessing = 0;
		};
		3A33F1621DC47FF600CA768D /* Headers */ = {
			isa = PBXHeadersBuildPhase;
			buildActionMask = 2147483647;
			files = (
				3ABF1A7F219FE472005C0AA7 /* ams_ext.h in Headers */,
				3ABF1A89219FE472005C0AA7 /* ams_keyboard.h in Headers */,
				3ABF1A48219FE472005C0AA7 /* geom_vector3d.h in Headers */,
				3ABF1AA2219FE473005C0AA7 /* ruby_util_ext.h in Headers */,
				3ABF1A57219FE472005C0AA7 /* ruby_prep.h in Headers */,
				3ABF1A52219FE472005C0AA7 /* geom_vector4d.h in Headers */,
				3ABF1A11219FE472005C0AA7 /* geom.h in Headers */,
				3ABF1A1B219FE472005C0AA7 /* geom_bounding_box.h in Headers */,
				3ABF1A98219FE472005C0AA7 /* ams_midi.h in Headers */,
				3ABF1A61219FE472005C0AA7 /* ruby_util.h in Headers */,
				3ABF1A6B219FE472005C0AA7 /* thread_hive.h in Headers */,
				3ABF1A75219FE472005C0AA7 /* ams_cursor.h in Headers */,
				3ABF1AAC219FE473005C0AA7 /* user_input.h in Headers */,
				3ABF1A3E219FE472005C0AA7 /* geom_transformation.h in Headers */,
				3ABF1ACA219FE473005C0AA7 /* ams_group.h in Headers */,
				3ABF1A07219FE472005C0AA7 /* fast_queue.h in Headers */,
				3ABF1AB6219FE473005C0AA7 /* ams.h in Headers */,
				3ABF1AD4219FE473005C0AA7 /* ams_multi_line_text.h in Headers */,
				3ABF1A20219FE472005C0AA7 /* geom_box_space.h in Headers */,
				3ABF1A34219FE472005C0AA7 /* geom_quaternion.h in Headers */,
				3ABF1AC0219FE473005C0AA7 /* ams_geometry.h in Headers */,
				3ABF1A02219FE472005C0AA7 /* dynamic_array.h in Headers */,
				3ABF1A2A219FE472005C0AA7 /* geom_color.h in Headers */,
				3ABF19FD219FE472005C0AA7 /* common.h in Headers */,
			);
			runOnlyForDeploymentPostprocessing = 0;
		};
		3A4DC2D92136292D000EA18E /* Headers */ = {
			isa = PBXHeadersBuildPhase;
			buildActionMask = 2147483647;
			files = (
				3ABF1A80219FE472005C0AA7 /* ams_ext.h in Headers */,
				3ABF1A8A219FE472005C0AA7 /* ams_keyboard.h in Headers */,
				3ABF1A49219FE472005C0AA7 /* geom_vector3d.h in Headers */,
				3ABF1AA3219FE473005C0AA7 /* ruby_util_ext.h in Headers */,
				3ABF1A58219FE472005C0AA7 /* ruby_prep.h in Headers */,
				3ABF1A53219FE472005C0AA7 /* geom_vector4d.h in Headers */,
				3ABF1A12219FE472005C0AA7 /* geom.h in Headers */,
				3ABF1A1C219FE472005C0AA7 /* geom_bounding_box.h in Headers */,
				3ABF1A99219FE472005C0AA7 /* ams_midi.h in Headers */,
				3ABF1A62219FE472005C0AA7 /* ruby_util.h in Headers */,
				3ABF1A6C219FE472005C0AA7 /* thread_hive.h in Headers */,
				3ABF1A76219FE472005C0AA7 /* ams_cursor.h in Headers */,
				3ABF1AAD219FE473005C0AA7 /* user_input.h in Headers */,
				3ABF1A3F219FE472005C0AA7 /* geom_transformation.h in Headers */,
				3ABF1ACB219FE473005C0AA7 /* ams_group.h in Headers */,
				3ABF1A08219FE472005C0AA7 /* fast_queue.h in Headers */,
				3ABF1AB7219FE473005C0AA7 /* ams.h in Headers */,
				3ABF1AD5219FE473005C0AA7 /* ams_multi_line_text.h in Headers */,
				3ABF1A21219FE472005C0AA7 /* geom_box_space.h in Headers */,
				3ABF1A35219FE472005C0AA7 /* geom_quaternion.h in Headers */,
				3ABF1AC1219FE473005C0AA7 /* ams_geometry.h in Headers */,
				3ABF1A03219FE472005C0AA7 /* dynamic_array.h in Headers */,
				3ABF1A2B219FE472005C0AA7 /* geom_color.h in Headers */,
				3ABF19FE219FE472005C0AA7 /* common.h in Headers */,
			);
			runOnlyForDeploymentPostprocessing = 0;
		};
		3AEFA33F21104CE4002C7DE9 /* Headers */ = {
			isa = PBXHeadersBuildPhase;
			buildActionMask = 2147483647;
			files = (
				3ABF1A7E219FE472005C0AA7 /* ams_ext.h in Headers */,
				3ABF1A88219FE472005C0AA7 /* ams_keyboard.h in Headers */,
				3ABF1A47219FE472005C0AA7 /* geom_vector3d.h in Headers */,
				3ABF1AA1219FE473005C0AA7 /* ruby_util_ext.h in Headers */,
				3ABF1A56219FE472005C0AA7 /* ruby_prep.h in Headers */,
				3ABF1A51219FE472005C0AA7 /* geom_vector4d.h in Headers */,
				3ABF1A10219FE472005C0AA7 /* geom.h in Headers */,
				3ABF1A1A219FE472005C0AA7 /* geom_bounding_box.h in Headers */,
				3ABF1A97219FE472005C0AA7 /* ams_midi.h in Headers */,
				3ABF1A60219FE472005C0AA7 /* ruby_util.h in Headers */,
				3ABF1A6A219FE472005C0AA7 /* thread_hive.h in Headers */,
				3ABF1A74219FE472005C0AA7 /* ams_cursor.h in Headers */,
				3ABF1AAB219FE473005C0AA7 /* user_input.h in Headers */,
				3ABF1A3D219FE472005C0AA7 /* geom_transformation.h in Headers */,
				3ABF1AC9219FE473005C0AA7 /* ams_group.h in Headers */,
				3ABF1A06219FE472005C0AA7 /* fast_queue.h in Headers */,
				3ABF1AB5219FE473005C0AA7 /* ams.h in Headers */,
				3ABF1AD3219FE473005C0AA7 /* ams_multi_line_text.h in Headers */,
				3ABF1A1F219FE472005C0AA7 /* geom_box_space.h in Headers */,
				3ABF1A33219FE472005C0AA7 /* geom_quaternion.h in Headers */,
				3ABF1ABF219FE473005C0AA7 /* ams_geometry.h in Headers */,
				3ABF1A01219FE472005C0AA7 /* dynamic_array.h in Headers */,
				3ABF1A29219FE472005C0AA7 /* geom_color.h in Headers */,
				3ABF19FC219FE472005C0AA7 /* common.h in Headers */,
			);
			runOnlyForDeploymentPostprocessing = 0;
		};
		CE405E84184763D300A77187 /* Headers */ = {
			isa = PBXHeadersBuildPhase;
			buildActionMask = 2147483647;
			files = (
				3ABF1A7C219FE472005C0AA7 /* ams_ext.h in Headers */,
				3ABF1A86219FE472005C0AA7 /* ams_keyboard.h in Headers */,
				3ABF1A45219FE472005C0AA7 /* geom_vector3d.h in Headers */,
				3ABF1A9F219FE473005C0AA7 /* ruby_util_ext.h in Headers */,
				3ABF1A54219FE472005C0AA7 /* ruby_prep.h in Headers */,
				3ABF1A4F219FE472005C0AA7 /* geom_vector4d.h in Headers */,
				3ABF1A0E219FE472005C0AA7 /* geom.h in Headers */,
				3ABF1A18219FE472005C0AA7 /* geom_bounding_box.h in Headers */,
				3ABF1A95219FE472005C0AA7 /* ams_midi.h in Headers */,
				3ABF1A5E219FE472005C0AA7 /* ruby_util.h in Headers */,
				3ABF1A68219FE472005C0AA7 /* thread_hive.h in Headers */,
				3ABF1A72219FE472005C0AA7 /* ams_cursor.h in Headers */,
				3ABF1AA9219FE473005C0AA7 /* user_input.h in Headers */,
				3ABF1A3B219FE472005C0AA7 /* geom_transformation.h in Headers */,
				3ABF1AC7219FE473005C0AA7 /* ams_group.h in Headers */,
				3ABF1A04219FE472005C0AA7 /* fast_queue.h in Headers */,
				3ABF1AB3219FE473005C0AA7 /* ams.h in Headers */,
				3ABF1AD1219FE473005C0AA7 /* ams_multi_line_text.h in Headers */,
				3ABF1A1D219FE472005C0AA7 /* geom_box_space.h in Headers */,
				3ABF1A31219FE472005C0AA7 /* geom_quaternion.h in Headers */,
				3ABF1ABD219FE473005C0AA7 /* ams_geometry.h in Headers */,
				3ABF19FF219FE472005C0AA7 /* dynamic_array.h in Headers */,
				3ABF1A27219FE472005C0AA7 /* geom_color.h in Headers */,
				3ABF19FA219FE472005C0AA7 /* common.h in Headers */,
			);
			runOnlyForDeploymentPostprocessing = 0;
		};
/* End PBXHeadersBuildPhase section */

/* Begin PBXNativeTarget section */
		33CDE5E4182703B100F7C6E8 /* Ruby 2.0 - 64 */ = {
			isa = PBXNativeTarget;
			buildConfigurationList = 33CDE5E9182703B200F7C6E8 /* Build configuration list for PBXNativeTarget "Ruby 2.0 - 64" */;
			buildPhases = (
				33CDE5E1182703B100F7C6E8 /* Sources */,
				33CDE5E2182703B100F7C6E8 /* Frameworks */,
				33CDE5E3182703B100F7C6E8 /* Headers */,
			);
			buildRules = (
			);
			dependencies = (
			);
			name = "Ruby 2.0 - 64";
			productName = "MSPhysics Library";
			productReference = 33CDE5E5182703B200F7C6E8 /* ams_lib.bundle */;
			productType = "com.apple.product-type.library.dynamic";
		};
		3A33F1351DC47FF600CA768D /* Ruby 2.2 - 64 */ = {
			isa = PBXNativeTarget;
			buildConfigurationList = 3A33F1851DC47FF600CA768D /* Build configuration list for PBXNativeTarget "Ruby 2.2 - 64" */;
			buildPhases = (
				3A33F13A1DC47FF600CA768D /* Sources */,
				3A33F15C1DC47FF600CA768D /* Frameworks */,
				3A33F1621DC47FF600CA768D /* Headers */,
			);
			buildRules = (
			);
			dependencies = (
			);
			name = "Ruby 2.2 - 64";
			productName = "MSPhysics Library";
			productReference = 3A33F1881DC47FF600CA768D /* ams_lib.bundle */;
			productType = "com.apple.product-type.library.dynamic";
		};
		3A4DC2BF2136292D000EA18E /* Ruby 2.5 - 64 */ = {
			isa = PBXNativeTarget;
			buildConfigurationList = 3A4DC2EF2136292D000EA18E /* Build configuration list for PBXNativeTarget "Ruby 2.5 - 64" */;
			buildPhases = (
				3A4DC2C02136292D000EA18E /* Sources */,
				3A4DC2D42136292D000EA18E /* Frameworks */,
				3A4DC2D92136292D000EA18E /* Headers */,
			);
			buildRules = (
			);
			dependencies = (
			);
			name = "Ruby 2.5 - 64";
			productName = "MSPhysics Library";
			productReference = 3A4DC2F22136292D000EA18E /* ams_lib.bundle */;
			productType = "com.apple.product-type.library.dynamic";
		};
		3AEFA32521104CE4002C7DE9 /* Ruby 2.0 - 32 */ = {
			isa = PBXNativeTarget;
			buildConfigurationList = 3AEFA35521104CE4002C7DE9 /* Build configuration list for PBXNativeTarget "Ruby 2.0 - 32" */;
			buildPhases = (
				3AEFA32621104CE4002C7DE9 /* Sources */,
				3AEFA33A21104CE4002C7DE9 /* Frameworks */,
				3AEFA33F21104CE4002C7DE9 /* Headers */,
			);
			buildRules = (
			);
			dependencies = (
			);
			name = "Ruby 2.0 - 32";
			productName = "MSPhysics Library";
			productReference = 3AEFA35821104CE4002C7DE9 /* ams_lib.bundle */;
			productType = "com.apple.product-type.library.dynamic";
		};
		CE405E7E184763D300A77187 /* Ruby 1.8 - 32 */ = {
			isa = PBXNativeTarget;
			buildConfigurationList = CE405E87184763D300A77187 /* Build configuration list for PBXNativeTarget "Ruby 1.8 - 32" */;
			buildPhases = (
				CE405E7F184763D300A77187 /* Sources */,
				CE405E82184763D300A77187 /* Frameworks */,
				CE405E84184763D300A77187 /* Headers */,
			);
			buildRules = (
			);
			dependencies = (
			);
			name = "Ruby 1.8 - 32";
			productName = "MSPhysics Library";
			productReference = CE405E8A184763D300A77187 /* ams_lib.bundle */;
			productType = "com.apple.product-type.library.dynamic";
		};
/* End PBXNativeTarget section */

/* Begin PBXProject section */
		33CDE5DC182703B100F7C6E8 /* Project object */ = {
			isa = PBXProject;
			attributes = {
				LastUpgradeCheck = 1010;
				ORGANIZATIONNAME = SketchUp;
				TargetAttributes = {
					33CDE5E4182703B100F7C6E8 = {
						DevelopmentTeam = B5Q422W65M;
					};
					3A33F1351DC47FF600CA768D = {
						DevelopmentTeam = B5Q422W65M;
					};
					3A4DC2BF2136292D000EA18E = {
						DevelopmentTeam = B5Q422W65M;
					};
					3AEFA32521104CE4002C7DE9 = {
						DevelopmentTeam = B5Q422W65M;
					};
					CE405E7E184763D300A77187 = {
						DevelopmentTeam = B5Q422W65M;
					};
				};
			};
			buildConfigurationList = 33CDE5DF182703B100F7C6E8 /* Build configuration list for PBXProject "ams_lib" */;
			compatibilityVersion = "Xcode 3.2";
			developmentRegion = English;
			hasScannedForEncodings = 0;
			knownRegions = (
				en,
			);
			mainGroup = 33CDE5DA182703B100F7C6E8;
			productRefGroup = 33CDE5E6182703B200F7C6E8 /* Products */;
			projectDirPath = "";
			projectRoot = "";
			targets = (
				CE405E7E184763D300A77187 /* Ruby 1.8 - 32 */,
				3AEFA32521104CE4002C7DE9 /* Ruby 2.0 - 32 */,
				33CDE5E4182703B100F7C6E8 /* Ruby 2.0 - 64 */,
				3A33F1351DC47FF600CA768D /* Ruby 2.2 - 64 */,
				3A4DC2BF2136292D000EA18E /* Ruby 2.5 - 64 */,
			);
		};
/* End PBXProject section */

/* Begin PBXSourcesBuildPhase section */
		33CDE5E1182703B100F7C6E8 /* Sources */ = {
			isa = PBXSourcesBuildPhase;
			buildActionMask = 2147483647;
			files = (
				3ABF1A78219FE472005C0AA7 /* ams_ext.cpp in Sources */,
				3ABF1AAF219FE473005C0AA7 /* ams.cpp in Sources */,
				3ABF1A8C219FE472005C0AA7 /* ams_lib.cpp in Sources */,
				3ABF1A4B219FE472005C0AA7 /* geom_vector4d.cpp in Sources */,
				3ABF1A82219FE472005C0AA7 /* ams_keyboard.cpp in Sources */,
				3ABF1A91219FE472005C0AA7 /* ams_midi.cpp in Sources */,
				3ABF1A23219FE472005C0AA7 /* geom_color.cpp in Sources */,
				3ABF1A2D219FE472005C0AA7 /* geom_quaternion.cpp in Sources */,
				3ABF1A6E219FE472005C0AA7 /* ams_cursor.cpp in Sources */,
				3ABF1A0A219FE472005C0AA7 /* geom.cpp in Sources */,
				3ABF1ACD219FE473005C0AA7 /* ams_multi_line_text.cpp in Sources */,
				3ABF1A37219FE472005C0AA7 /* geom_transformation.cpp in Sources */,
				3ABF1A5A219FE472005C0AA7 /* ruby_util.cpp in Sources */,
				3ABF1AC3219FE473005C0AA7 /* ams_group.cpp in Sources */,
				3ABF1AA5219FE473005C0AA7 /* user_input.c in Sources */,
				3ABF1AB9219FE473005C0AA7 /* ams_geometry.cpp in Sources */,
				3ABF1A64219FE472005C0AA7 /* thread_hive.cpp in Sources */,
				3ABF1A9B219FE472005C0AA7 /* ruby_util_ext.cpp in Sources */,
				3ABF1A14219FE472005C0AA7 /* geom_bounding_box.cpp in Sources */,
				3ABF1A41219FE472005C0AA7 /* geom_vector3d.cpp in Sources */,
			);
			runOnlyForDeploymentPostprocessing = 0;
		};
		3A33F13A1DC47FF600CA768D /* Sources */ = {
			isa = PBXSourcesBuildPhase;
			buildActionMask = 2147483647;
			files = (
				3ABF1A7A219FE472005C0AA7 /* ams_ext.cpp in Sources */,
				3ABF1AB1219FE473005C0AA7 /* ams.cpp in Sources */,
				3ABF1A8E219FE472005C0AA7 /* ams_lib.cpp in Sources */,
				3ABF1A4D219FE472005C0AA7 /* geom_vector4d.cpp in Sources */,
				3ABF1A84219FE472005C0AA7 /* ams_keyboard.cpp in Sources */,
				3ABF1A93219FE472005C0AA7 /* ams_midi.cpp in Sources */,
				3ABF1A25219FE472005C0AA7 /* geom_color.cpp in Sources */,
				3ABF1A2F219FE472005C0AA7 /* geom_quaternion.cpp in Sources */,
				3ABF1A70219FE472005C0AA7 /* ams_cursor.cpp in Sources */,
				3ABF1A0C219FE472005C0AA7 /* geom.cpp in Sources */,
				3ABF1ACF219FE473005C0AA7 /* ams_multi_line_text.cpp in Sources */,
				3ABF1A39219FE472005C0AA7 /* geom_transformation.cpp in Sources */,
				3ABF1A5C219FE472005C0AA7 /* ruby_util.cpp in Sources */,
				3ABF1AC5219FE473005C0AA7 /* ams_group.cpp in Sources */,
				3ABF1AA7219FE473005C0AA7 /* user_input.c in Sources */,
				3ABF1ABB219FE473005C0AA7 /* ams_geometry.cpp in Sources */,
				3ABF1A66219FE472005C0AA7 /* thread_hive.cpp in Sources */,
				3ABF1A9D219FE472005C0AA7 /* ruby_util_ext.cpp in Sources */,
				3ABF1A16219FE472005C0AA7 /* geom_bounding_box.cpp in Sources */,
				3ABF1A43219FE472005C0AA7 /* geom_vector3d.cpp in Sources */,
			);
			runOnlyForDeploymentPostprocessing = 0;
		};
		3A4DC2C02136292D000EA18E /* Sources */ = {
			isa = PBXSourcesBuildPhase;
			buildActionMask = 2147483647;
			files = (
				3ABF1A7B219FE472005C0AA7 /* ams_ext.cpp in Sources */,
				3ABF1AB2219FE473005C0AA7 /* ams.cpp in Sources */,
				3ABF1A8F219FE472005C0AA7 /* ams_lib.cpp in Sources */,
				3ABF1A4E219FE472005C0AA7 /* geom_vector4d.cpp in Sources */,
				3ABF1A85219FE472005C0AA7 /* ams_keyboard.cpp in Sources */,
				3ABF1A94219FE472005C0AA7 /* ams_midi.cpp in Sources */,
				3ABF1A26219FE472005C0AA7 /* geom_color.cpp in Sources */,
				3ABF1A30219FE472005C0AA7 /* geom_quaternion.cpp in Sources */,
				3ABF1A71219FE472005C0AA7 /* ams_cursor.cpp in Sources */,
				3ABF1A0D219FE472005C0AA7 /* geom.cpp in Sources */,
				3ABF1AD0219FE473005C0AA7 /* ams_multi_line_text.cpp in Sources */,
				3ABF1A3A219FE472005C0AA7 /* geom_transformation.cpp in Sources */,
				3ABF1A5D219FE472005C0AA7 /* ruby_util.cpp in Sources */,
				3ABF1AC6219FE473005C0AA7 /* ams_group.cpp in Sources */,
				3ABF1AA8219FE473005C0AA7 /* user_input.c in Sources */,
				3ABF1ABC219FE473005C0AA7 /* ams_geometry.cpp in Sources */,
				3ABF1A67219FE472005C0AA7 /* thread_hive.cpp in Sources */,
				3ABF1A9E219FE472005C0AA7 /* ruby_util_ext.cpp in Sources */,
				3ABF1A17219FE472005C0AA7 /* geom_bounding_box.cpp in Sources */,
				3ABF1A44219FE472005C0AA7 /* geom_vector3d.cpp in Sources */,
			);
			runOnlyForDeploymentPostprocessing = 0;
		};
		3AEFA32621104CE4002C7DE9 /* Sources */ = {
			isa = PBXSourcesBuildPhase;
			buildActionMask = 2147483647;
			files = (
				3ABF1A79219FE472005C0AA7 /* ams_ext.cpp in Sources */,
				3ABF1AB0219FE473005C0AA7 /* ams.cpp in Sources */,
				3ABF1A8D219FE472005C0AA7 /* ams_lib.cpp in Sources */,
				3ABF1A4C219FE472005C0AA7 /* geom_vector4d.cpp in Sources */,
				3ABF1A83219FE472005C0AA7 /* ams_keyboard.cpp in Sources */,
				3ABF1A92219FE472005C0AA7 /* ams_midi.cpp in Sources */,
				3ABF1A24219FE472005C0AA7 /* geom_color.cpp in Sources */,
				3ABF1A2E219FE472005C0AA7 /* geom_quaternion.cpp in Sources */,
				3ABF1A6F219FE472005C0AA7 /* ams_cursor.cpp in Sources */,
				3ABF1A0B219FE472005C0AA7 /* geom.cpp in Sources */,
				3ABF1ACE219FE473005C0AA7 /* ams_multi_line_text.cpp in Sources */,
				3ABF1A38219FE472005C0AA7 /* geom_transformation.cpp in Sources */,
				3ABF1A5B219FE472005C0AA7 /* ruby_util.cpp in Sources */,
				3ABF1AC4219FE473005C0AA7 /* ams_group.cpp in Sources */,
				3ABF1AA6219FE473005C0AA7 /* user_input.c in Sources */,
				3ABF1ABA219FE473005C0AA7 /* ams_geometry.cpp in Sources */,
				3ABF1A65219FE472005C0AA7 /* thread_hive.cpp in Sources */,
				3ABF1A9C219FE472005C0AA7 /* ruby_util_ext.cpp in Sources */,
				3ABF1A15219FE472005C0AA7 /* geom_bounding_box.cpp in Sources */,
				3ABF1A42219FE472005C0AA7 /* geom_vector3d.cpp in Sources */,
			);
			runOnlyForDeploymentPostprocessing = 0;
		};
		CE405E7F184763D300A77187 /* Sources */ = {
			isa = PBXSourcesBuildPhase;
			buildActionMask = 2147483647;
			files = (
				3ABF1A77219FE472005C0AA7 /* ams_ext.cpp in Sources */,
				3ABF1AAE219FE473005C0AA7 /* ams.cpp in Sources */,
				3ABF1A8B219FE472005C0AA7 /* ams_lib.cpp in Sources */,
				3ABF1A4A219FE472005C0AA7 /* geom_vector4d.cpp in Sources */,
				3ABF1A81219FE472005C0AA7 /* ams_keyboard.cpp in Sources */,
				3ABF1A90219FE472005C0AA7 /* ams_midi.cpp in Sources */,
				3ABF1A22219FE472005C0AA7 /* geom_color.cpp in Sources */,
				3ABF1A2C219FE472005C0AA7 /* geom_quaternion.cpp in Sources */,
				3ABF1A6D219FE472005C0AA7 /* ams_cursor.cpp in Sources */,
				3ABF1A09219FE472005C0AA7 /* geom.cpp in Sources */,
				3ABF1ACC219FE473005C0AA7 /* ams_multi_line_text.cpp in Sources */,
				3ABF1A36219FE472005C0AA7 /* geom_transformation.cpp in Sources */,
				3ABF1A59219FE472005C0AA7 /* ruby_util.cpp in Sources */,
				3ABF1AC2219FE473005C0AA7 /* ams_group.cpp in Sources */,
				3ABF1AA4219FE473005C0AA7 /* user_input.c in Sources */,
				3ABF1AB8219FE473005C0AA7 /* ams_geometry.cpp in Sources */,
				3ABF1A63219FE472005C0AA7 /* thread_hive.cpp in Sources */,
				3ABF1A9A219FE472005C0AA7 /* ruby_util_ext.cpp in Sources */,
				3ABF1A13219FE472005C0AA7 /* geom_bounding_box.cpp in Sources */,
				3ABF1A40219FE472005C0AA7 /* geom_vector3d.cpp in Sources */,
			);
			runOnlyForDeploymentPostprocessing = 0;
		};
/* End PBXSourcesBuildPhase section */

/* Begin XCBuildConfiguration section */
		33CDE5E7182703B200F7C6E8 /* Debug */ = {
			isa = XCBuildConfiguration;
			buildSettings = {
				ALWAYS_SEARCH_USER_PATHS = NO;
				ARCHS = "$(ARCHS_STANDARD)";
				CLANG_CXX_LANGUAGE_STANDARD = "c++0x";
				CLANG_CXX_LIBRARY = "compiler-default";
				CLANG_WARN_BLOCK_CAPTURE_AUTORELEASING = YES;
				CLANG_WARN_BOOL_CONVERSION = YES;
				CLANG_WARN_COMMA = YES;
				CLANG_WARN_CONSTANT_CONVERSION = YES;
				CLANG_WARN_DEPRECATED_OBJC_IMPLEMENTATIONS = YES;
				CLANG_WARN_EMPTY_BODY = YES;
				CLANG_WARN_ENUM_CONVERSION = YES;
				CLANG_WARN_INFINITE_RECURSION = YES;
				CLANG_WARN_INT_CONVERSION = YES;
				CLANG_WARN_NON_LITERAL_NULL_CONVERSION = YES;
				CLANG_WARN_OBJC_IMPLICIT_RETAIN_SELF = YES;
				CLANG_WARN_OBJC_LITERAL_CONVERSION = YES;
				CLANG_WARN_RANGE_LOOP_ANALYSIS = YES;
				CLANG_WARN_STRICT_PROTOTYPES = YES;
				CLANG_WARN_SUSPICIOUS_MOVE = YES;
				CLANG_WARN_UNREACHABLE_CODE = YES;
				CLANG_WARN__DUPLICATE_METHOD_MATCH = YES;
				CONFIGURATION_BUILD_DIR = "$(SRCROOT)/$(CONFIGURATION)$(EFFECTIVE_PLATFORM_NAME)/$(TARGET_NAME)";
				CONFIGURATION_TEMP_DIR = "$(PROJECT_TEMP_DIR)/$(CONFIGURATION)$(EFFECTIVE_PLATFORM_NAME)/$(TARGET_NAME)";
				COPY_PHASE_STRIP = NO;
				ENABLE_STRICT_OBJC_MSGSEND = YES;
				ENABLE_TESTABILITY = YES;
				EXECUTABLE_EXTENSION = bundle;
				EXPORTED_SYMBOLS_FILE = ams_lib_exports.txt;
				GCC_C_LANGUAGE_STANDARD = gnu99;
				GCC_DYNAMIC_NO_PIC = NO;
				GCC_ENABLE_OBJC_EXCEPTIONS = YES;
				GCC_GENERATE_DEBUGGING_SYMBOLS = NO;
				GCC_NO_COMMON_BLOCKS = YES;
				GCC_OPTIMIZATION_LEVEL = 0;
				GCC_PREPROCESSOR_DEFINITIONS = (
					"$(inherited)",
					"DEBUG=1",
					_MACOSX_VER,
				);
				GCC_SYMBOLS_PRIVATE_EXTERN = NO;
				GCC_WARN_64_TO_32_BIT_CONVERSION = YES;
				GCC_WARN_ABOUT_RETURN_TYPE = YES;
				GCC_WARN_UNDECLARED_SELECTOR = YES;
				GCC_WARN_UNINITIALIZED_AUTOS = YES;
				GCC_WARN_UNUSED_FUNCTION = YES;
				GCC_WARN_UNUSED_VARIABLE = YES;
				MACH_O_TYPE = mh_bundle;
				MACOSX_DEPLOYMENT_TARGET = 10.7;
				ONLY_ACTIVE_ARCH = YES;
				PRODUCT_NAME = ams_lib;
				SDKROOT = macosx;
				VALID_ARCHS = "i386 x86_64";
			};
			name = Debug;
		};
		33CDE5E8182703B200F7C6E8 /* Release */ = {
			isa = XCBuildConfiguration;
			buildSettings = {
				ALWAYS_SEARCH_USER_PATHS = NO;
				ARCHS = "$(ARCHS_STANDARD)";
				CLANG_CXX_LANGUAGE_STANDARD = "c++0x";
				CLANG_CXX_LIBRARY = "compiler-default";
				CLANG_WARN_BLOCK_CAPTURE_AUTORELEASING = YES;
				CLANG_WARN_BOOL_CONVERSION = YES;
				CLANG_WARN_COMMA = YES;
				CLANG_WARN_CONSTANT_CONVERSION = YES;
				CLANG_WARN_DEPRECATED_OBJC_IMPLEMENTATIONS = YES;
				CLANG_WARN_EMPTY_BODY = YES;
				CLANG_WARN_ENUM_CONVERSION = YES;
				CLANG_WARN_INFINITE_RECURSION = YES;
				CLANG_WARN_INT_CONVERSION = YES;
				CLANG_WARN_NON_LITERAL_NULL_CONVERSION = YES;
				CLANG_WARN_OBJC_IMPLICIT_RETAIN_SELF = YES;
				CLANG_WARN_OBJC_LITERAL_CONVERSION = YES;
				CLANG_WARN_RANGE_LOOP_ANALYSIS = YES;
				CLANG_WARN_STRICT_PROTOTYPES = YES;
				CLANG_WARN_SUSPICIOUS_MOVE = YES;
				CLANG_WARN_UNREACHABLE_CODE = YES;
				CLANG_WARN__DUPLICATE_METHOD_MATCH = YES;
				CONFIGURATION_BUILD_DIR = "$(SRCROOT)/$(CONFIGURATION)$(EFFECTIVE_PLATFORM_NAME)/$(TARGET_NAME)";
				CONFIGURATION_TEMP_DIR = "$(PROJECT_TEMP_DIR)/$(CONFIGURATION)$(EFFECTIVE_PLATFORM_NAME)/$(TARGET_NAME)";
				COPY_PHASE_STRIP = YES;
				DEBUG_INFORMATION_FORMAT = "dwarf-with-dsym";
				ENABLE_STRICT_OBJC_MSGSEND = YES;
				EXECUTABLE_EXTENSION = bundle;
				EXPORTED_SYMBOLS_FILE = ams_lib_exports.txt;
				GCC_C_LANGUAGE_STANDARD = gnu99;
				GCC_ENABLE_OBJC_EXCEPTIONS = YES;
				GCC_GENERATE_DEBUGGING_SYMBOLS = NO;
				GCC_NO_COMMON_BLOCKS = YES;
				GCC_PREPROCESSOR_DEFINITIONS = (
					"$(inherited)",
					_MACOSX_VER,
				);
				GCC_SYMBOLS_PRIVATE_EXTERN = NO;
				GCC_WARN_64_TO_32_BIT_CONVERSION = YES;
				GCC_WARN_ABOUT_RETURN_TYPE = YES;
				GCC_WARN_UNDECLARED_SELECTOR = YES;
				GCC_WARN_UNINITIALIZED_AUTOS = YES;
				GCC_WARN_UNUSED_FUNCTION = YES;
				GCC_WARN_UNUSED_VARIABLE = YES;
				MACH_O_TYPE = mh_bundle;
				MACOSX_DEPLOYMENT_TARGET = 10.7;
				PRODUCT_NAME = ams_lib;
				SDKROOT = macosx;
				VALID_ARCHS = "i386 x86_64";
			};
			name = Release;
		};
		33CDE5EA182703B200F7C6E8 /* Debug */ = {
			isa = XCBuildConfiguration;
			buildSettings = {
				ARCHS = "$(ARCHS_STANDARD_64_BIT)";
				CLANG_ENABLE_OBJC_WEAK = YES;
				CODE_SIGN_IDENTITY = "Mac Developer";
				DEVELOPMENT_TEAM = B5Q422W65M;
				DYLIB_COMPATIBILITY_VERSION = "";
				DYLIB_CURRENT_VERSION = "";
				FRAMEWORK_SEARCH_PATHS = (
					"$(inherited)",
					"\"$(SRCROOT)/../../ThirdParty/Ruby/lib/mac/2.0\"",
				);
				GCC_PREPROCESSOR_DEFINITIONS = (
					"$(inherited)",
					RUBY_VERSION20,
				);
				HEADER_SEARCH_PATHS = (
					../../ThirdParty/Ruby/include/2.0/mac,
					"../../ThirdParty/Ruby/include/2.0/mac/universal-darwin12.5.0",
				);
				LD_DYLIB_INSTALL_NAME = "$(EXECUTABLE_PATH)";
				LIBRARY_SEARCH_PATHS = "$(inherited)";
				MACOSX_DEPLOYMENT_TARGET = 10.9;
				VALID_ARCHS = "$(inherited)";
			};
			name = Debug;
		};
		33CDE5EB182703B200F7C6E8 /* Release */ = {
			isa = XCBuildConfiguration;
			buildSettings = {
				ARCHS = "$(ARCHS_STANDARD_64_BIT)";
				CLANG_ENABLE_OBJC_WEAK = YES;
				CODE_SIGN_IDENTITY = "Mac Developer";
				DEVELOPMENT_TEAM = B5Q422W65M;
				DYLIB_COMPATIBILITY_VERSION = "";
				DYLIB_CURRENT_VERSION = "";
				FRAMEWORK_SEARCH_PATHS = (
					"$(inherited)",
					"\"$(SRCROOT)/../../ThirdParty/Ruby/lib/mac/2.0\"",
				);
				GCC_PREPROCESSOR_DEFINITIONS = (
					"$(inherited)",
					RUBY_VERSION20,
				);
				HEADER_SEARCH_PATHS = (
					../../ThirdParty/Ruby/include/2.0/mac,
					"../../ThirdParty/Ruby/include/2.0/mac/universal-darwin12.5.0",
				);
				LD_DYLIB_INSTALL_NAME = "$(EXECUTABLE_PATH)";
				LIBRARY_SEARCH_PATHS = "$(inherited)";
				MACOSX_DEPLOYMENT_TARGET = 10.9;
				VALID_ARCHS = "$(inherited)";
			};
			name = Release;
		};
		3A33F1861DC47FF600CA768D /* Debug */ = {
			isa = XCBuildConfiguration;
			buildSettings = {
				ARCHS = "$(ARCHS_STANDARD_64_BIT)";
				CLANG_ENABLE_OBJC_WEAK = YES;
				CODE_SIGN_IDENTITY = "Mac Developer";
				DEVELOPMENT_TEAM = B5Q422W65M;
				DYLIB_COMPATIBILITY_VERSION = "";
				DYLIB_CURRENT_VERSION = "";
				FRAMEWORK_SEARCH_PATHS = (
					"$(inherited)",
					"\"$(SRCROOT)/../../ThirdParty/Ruby/lib/mac/2.2\"",
				);
				GCC_PREPROCESSOR_DEFINITIONS = (
					"$(inherited)",
					RUBY_VERSION22,
				);
				HEADER_SEARCH_PATHS = (
					../../ThirdParty/Ruby/include/2.2/mac,
					"../../ThirdParty/Ruby/include/2.2/mac/x86_64-darwin14",
				);
				LD_DYLIB_INSTALL_NAME = "$(EXECUTABLE_PATH)";
				LIBRARY_SEARCH_PATHS = "$(inherited)";
				MACOSX_DEPLOYMENT_TARGET = 10.10;
				VALID_ARCHS = "$(inherited)";
			};
			name = Debug;
		};
		3A33F1871DC47FF600CA768D /* Release */ = {
			isa = XCBuildConfiguration;
			buildSettings = {
				ARCHS = "$(ARCHS_STANDARD_64_BIT)";
				CLANG_ENABLE_OBJC_WEAK = YES;
				CODE_SIGN_IDENTITY = "Mac Developer";
				DEBUG_INFORMATION_FORMAT = "dwarf-with-dsym";
				DEVELOPMENT_TEAM = B5Q422W65M;
				DYLIB_COMPATIBILITY_VERSION = "";
				DYLIB_CURRENT_VERSION = "";
				FRAMEWORK_SEARCH_PATHS = (
					"$(inherited)",
					"\"$(SRCROOT)/../../ThirdParty/Ruby/lib/mac/2.2\"",
				);
				GCC_PREPROCESSOR_DEFINITIONS = (
					"$(inherited)",
					RUBY_VERSION22,
				);
				HEADER_SEARCH_PATHS = (
					../../ThirdParty/Ruby/include/2.2/mac,
					"../../ThirdParty/Ruby/include/2.2/mac/x86_64-darwin14",
				);
				LD_DYLIB_INSTALL_NAME = "$(EXECUTABLE_PATH)";
				LIBRARY_SEARCH_PATHS = "$(inherited)";
				MACOSX_DEPLOYMENT_TARGET = 10.10;
				VALID_ARCHS = "$(inherited)";
			};
			name = Release;
		};
		3A4DC2F02136292D000EA18E /* Debug */ = {
			isa = XCBuildConfiguration;
			buildSettings = {
				ARCHS = "$(ARCHS_STANDARD_64_BIT)";
				CLANG_ENABLE_OBJC_WEAK = YES;
				CODE_SIGN_IDENTITY = "Mac Developer";
				DEVELOPMENT_TEAM = B5Q422W65M;
				DYLIB_COMPATIBILITY_VERSION = "";
				DYLIB_CURRENT_VERSION = "";
				FRAMEWORK_SEARCH_PATHS = (
					"$(inherited)",
					"\"$(SRCROOT)/../../ThirdParty/Ruby/lib/mac/2.5\"",
				);
				GCC_PREPROCESSOR_DEFINITIONS = (
					"$(inherited)",
					RUBY_VERSION25,
				);
				HEADER_SEARCH_PATHS = (
					../../ThirdParty/Ruby/include/2.5/mac,
					"../../ThirdParty/Ruby/include/2.5/mac/x86_64-darwin17",
				);
				LD_DYLIB_INSTALL_NAME = "$(EXECUTABLE_PATH)";
				LIBRARY_SEARCH_PATHS = "$(inherited)";
				MACOSX_DEPLOYMENT_TARGET = 10.11;
				PRODUCT_NAME = ams_lib;
				VALID_ARCHS = "$(inherited)";
			};
			name = Debug;
		};
		3A4DC2F12136292D000EA18E /* Release */ = {
			isa = XCBuildConfiguration;
			buildSettings = {
				ARCHS = "$(ARCHS_STANDARD_64_BIT)";
				CLANG_ENABLE_OBJC_WEAK = YES;
				CODE_SIGN_IDENTITY = "Mac Developer";
				DEBUG_INFORMATION_FORMAT = "dwarf-with-dsym";
				DEVELOPMENT_TEAM = B5Q422W65M;
				DYLIB_COMPATIBILITY_VERSION = "";
				DYLIB_CURRENT_VERSION = "";
				FRAMEWORK_SEARCH_PATHS = (
					"$(inherited)",
					"\"$(SRCROOT)/../../ThirdParty/Ruby/lib/mac/2.5\"",
				);
				GCC_PREPROCESSOR_DEFINITIONS = (
					"$(inherited)",
					RUBY_VERSION25,
				);
				HEADER_SEARCH_PATHS = (
					../../ThirdParty/Ruby/include/2.5/mac,
					"../../ThirdParty/Ruby/include/2.5/mac/x86_64-darwin17",
				);
				LD_DYLIB_INSTALL_NAME = "$(EXECUTABLE_PATH)";
				LIBRARY_SEARCH_PATHS = "$(inherited)";
				MACOSX_DEPLOYMENT_TARGET = 10.11;
				PRODUCT_NAME = ams_lib;
				VALID_ARCHS = "$(inherited)";
			};
			name = Release;
		};
		3AEFA35621104CE4002C7DE9 /* Debug */ = {
			isa = XCBuildConfiguration;
			buildSettings = {
				ARCHS = "$(ARCHS_STANDARD_32_BIT)";
				CLANG_ENABLE_OBJC_WEAK = YES;
				CODE_SIGN_IDENTITY = "Mac Developer";
				DEVELOPMENT_TEAM = B5Q422W65M;
				DYLIB_COMPATIBILITY_VERSION = "";
				DYLIB_CURRENT_VERSION = "";
				FRAMEWORK_SEARCH_PATHS = (
					"$(inherited)",
					"\"$(SRCROOT)/../../ThirdParty/Ruby/lib/mac/2.0\"",
				);
				GCC_PREPROCESSOR_DEFINITIONS = (
					"$(inherited)",
					RUBY_VERSION20,
				);
				HEADER_SEARCH_PATHS = (
					../../ThirdParty/Ruby/include/2.0/mac,
					"../../ThirdParty/Ruby/include/2.0/mac/universal-darwin12.5.0",
				);
				LD_DYLIB_INSTALL_NAME = "$(EXECUTABLE_PATH)";
				LIBRARY_SEARCH_PATHS = "$(inherited)";
				MACOSX_DEPLOYMENT_TARGET = 10.7;
				PRODUCT_MODULE_NAME = ams_lib;
				PRODUCT_NAME = ams_lib;
				VALID_ARCHS = "$(inherited)";
			};
			name = Debug;
		};
		3AEFA35721104CE4002C7DE9 /* Release */ = {
			isa = XCBuildConfiguration;
			buildSettings = {
				ARCHS = "$(ARCHS_STANDARD_32_BIT)";
				CLANG_ENABLE_OBJC_WEAK = YES;
				CODE_SIGN_IDENTITY = "Mac Developer";
				DEVELOPMENT_TEAM = B5Q422W65M;
				DYLIB_COMPATIBILITY_VERSION = "";
				DYLIB_CURRENT_VERSION = "";
				FRAMEWORK_SEARCH_PATHS = (
					"$(inherited)",
					"\"$(SRCROOT)/../../ThirdParty/Ruby/lib/mac/2.0\"",
				);
				GCC_PREPROCESSOR_DEFINITIONS = (
					"$(inherited)",
					RUBY_VERSION20,
				);
				HEADER_SEARCH_PATHS = (
					../../ThirdParty/Ruby/include/2.0/mac,
					"../../ThirdParty/Ruby/include/2.0/mac/universal-darwin12.5.0",
				);
				LD_DYLIB_INSTALL_NAME = "$(EXECUTABLE_PATH)";
				LIBRARY_SEARCH_PATHS = "$(inherited)";
				MACOSX_DEPLOYMENT_TARGET = 10.7;
				PRODUCT_MODULE_NAME = ams_lib;
				PRODUCT_NAME = ams_lib;
				VALID_ARCHS = "$(inherited)";
			};
			name = Release;
		};
		CE405E88184763D300A77187 /* Debug */ = {
			isa = XCBuildConfiguration;
			buildSettings = {
				ARCHS = "$(ARCHS_STANDARD_32_BIT)";
				CLANG_ENABLE_OBJC_WEAK = YES;
				CODE_SIGN_IDENTITY = "Mac Developer";
				DEVELOPMENT_TEAM = B5Q422W65M;
				DYLIB_COMPATIBILITY_VERSION = "";
				DYLIB_CURRENT_VERSION = "";
				FRAMEWORK_SEARCH_PATHS = (
					"$(inherited)",
					"\"$(SRCROOT)/../../ThirdParty/Ruby/lib/mac/1.8\"",
				);
				GCC_PREPROCESSOR_DEFINITIONS = (
					"$(inherited)",
					RUBY_VERSION18,
				);
				HEADER_SEARCH_PATHS = ../../ThirdParty/Ruby/include/1.8/mac;
				LD_DYLIB_INSTALL_NAME = "$(EXECUTABLE_PATH)";
				LIBRARY_SEARCH_PATHS = "$(inherited)";
				MACOSX_DEPLOYMENT_TARGET = 10.7;
				VALID_ARCHS = "$(inherited)";
			};
			name = Debug;
		};
		CE405E89184763D300A77187 /* Release */ = {
			isa = XCBuildConfiguration;
			buildSettings = {
				ARCHS = "$(ARCHS_STANDARD_32_BIT)";
				CLANG_ENABLE_OBJC_WEAK = YES;
				CODE_SIGN_IDENTITY = "Mac Developer";
				DEVELOPMENT_TEAM = B5Q422W65M;
				DYLIB_COMPATIBILITY_VERSION = "";
				DYLIB_CURRENT_VERSION = "";
				FRAMEWORK_SEARCH_PATHS = (
					"$(inherited)",
					"\"$(SRCROOT)/../../ThirdParty/Ruby/lib/mac/1.8\"",
				);
				GCC_PREPROCESSOR_DEFINITIONS = (
					"$(inherited)",
					RUBY_VERSION18,
				);
				HEADER_SEARCH_PATHS = ../../ThirdParty/Ruby/include/1.8/mac;
				LD_DYLIB_INSTALL_NAME = "$(EXECUTABLE_PATH)";
				LIBRARY_SEARCH_PATHS = "$(inherited)";
				MACOSX_DEPLOYMENT_TARGET = 10.7;
				VALID_ARCHS = "$(inherited)";
			};
			name = Release;
		};
/* End XCBuildConfiguration section */

/* Begin XCConfigurationList section */
		33CDE5DF182703B100F7C6E8 /* Build configuration list for PBXProject "ams_lib" */ = {
			isa = XCConfigurationList;
			buildConfigurations = (
				33CDE5E7182703B200F7C6E8 /* Debug */,
				33CDE5E8182703B200F7C6E8 /* Release */,
			);
			defaultConfigurationIsVisible = 0;
			defaultConfigurationName = Release;
		};
		33CDE5E9182703B200F7C6E8 /* Build configuration list for PBXNativeTarget "Ruby 2.0 - 64" */ = {
			isa = XCConfigurationList;
			buildConfigurations = (
				33CDE5EA182703B200F7C6E8 /* Debug */,
				33CDE5EB182703B200F7C6E8 /* Release */,
			);
			defaultConfigurationIsVisible = 0;
			defaultConfigurationName = Release;
		};
		3A33F1851DC47FF600CA768D /* Build configuration list for PBXNativeTarget "Ruby 2.2 - 64" */ = {
			isa = XCConfigurationList;
			buildConfigurations = (
				3A33F1861DC47FF600CA768D /* Debug */,
				3A33F1871DC47FF600CA768D /* Release */,
			);
			defaultConfigurationIsVisible = 0;
			defaultConfigurationName = Release;
		};
		3A4DC2EF2136292D000EA18E /* Build configuration list for PBXNativeTarget "Ruby 2.5 - 64" */ = {
			isa = XCConfigurationList;
			buildConfigurations = (
				3A4DC2F02136292D000EA18E /* Debug */,
				3A4DC2F12136292D000EA18E /* Release */,
			);
			defaultConfigurationIsVisible = 0;
			defaultConfigurationName = Release;
		};
		3AEFA35521104CE4002C7DE9 /* Build configuration list for PBXNativeTarget "Ruby 2.0 - 32" */ = {
			isa = XCConfigurationList;
			buildConfigurations = (
				3AEFA35621104CE4002C7DE9 /* Debug */,
				3AEFA35721104CE4002C7DE9 /* Release */,
			);
			defaultConfigurationIsVisible = 0;
			defaultConfigurationName = Release;
		};
		CE405E87184763D300A77187 /* Build configuration list for PBXNativeTarget "Ruby 1.8 - 32" */ = {
			isa = XCConfigurationList;
			buildConfigurations = (
				CE405E88184763D300A77187 /* Debug */,
				CE405E89184763D300A77187 /* Release */,
			);
			defaultConfigurationIsVisible = 0;
			defaultConfigurationName = Release;
		};
/* End XCConfigurationList section */
	};
	rootObject = 33CDE5DC182703B100F7C6E8 /* Project object */;
}
